// !$*UTF8*$!
{
	archiveVersion = 1;
	classes = {
	};
	objectVersion = 56;
	objects = {

/* Begin PBXBuildFile section */
		F993E4132A485C0C00E9743B /* ConstraintsBuilder.swift in Sources */ = {isa = PBXBuildFile; fileRef = F993E4122A485C0C00E9743B /* ConstraintsBuilder.swift */; };
		F993E4172A4869C500E9743B /* ArrayBuilder.swift in Sources */ = {isa = PBXBuildFile; fileRef = F993E4162A4869C500E9743B /* ArrayBuilder.swift */; };
		F993E4192A48776F00E9743B /* ConstraintsGroupRepresented.swift in Sources */ = {isa = PBXBuildFile; fileRef = F993E4182A48776F00E9743B /* ConstraintsGroupRepresented.swift */; };
		F9BFEAA92A44DA3B00536455 /* AppDelegate.swift in Sources */ = {isa = PBXBuildFile; fileRef = F9BFEAA82A44DA3B00536455 /* AppDelegate.swift */; };
		F9BFEAAB2A44DA3B00536455 /* SceneDelegate.swift in Sources */ = {isa = PBXBuildFile; fileRef = F9BFEAAA2A44DA3B00536455 /* SceneDelegate.swift */; };
		F9BFEAAD2A44DA3B00536455 /* ViewController.swift in Sources */ = {isa = PBXBuildFile; fileRef = F9BFEAAC2A44DA3B00536455 /* ViewController.swift */; };
		F9BFEAB02A44DA3B00536455 /* Main.storyboard in Resources */ = {isa = PBXBuildFile; fileRef = F9BFEAAE2A44DA3B00536455 /* Main.storyboard */; };
		F9BFEAB22A44DA3C00536455 /* Assets.xcassets in Resources */ = {isa = PBXBuildFile; fileRef = F9BFEAB12A44DA3C00536455 /* Assets.xcassets */; };
		F9BFEAB52A44DA3C00536455 /* LaunchScreen.storyboard in Resources */ = {isa = PBXBuildFile; fileRef = F9BFEAB32A44DA3C00536455 /* LaunchScreen.storyboard */; };
/* End PBXBuildFile section */

/* Begin PBXFileReference section */
		F993E4122A485C0C00E9743B /* ConstraintsBuilder.swift */ = {isa = PBXFileReference; lastKnownFileType = sourcecode.swift; path = ConstraintsBuilder.swift; sourceTree = "<group>"; };
		F993E4162A4869C500E9743B /* ArrayBuilder.swift */ = {isa = PBXFileReference; lastKnownFileType = sourcecode.swift; path = ArrayBuilder.swift; sourceTree = "<group>"; };
		F993E4182A48776F00E9743B /* ConstraintsGroupRepresented.swift */ = {isa = PBXFileReference; lastKnownFileType = sourcecode.swift; path = ConstraintsGroupRepresented.swift; sourceTree = "<group>"; };
		F9BFEAA52A44DA3B00536455 /* ResultBuilders.app */ = {isa = PBXFileReference; explicitFileType = wrapper.application; includeInIndex = 0; path = ResultBuilders.app; sourceTree = BUILT_PRODUCTS_DIR; };
		F9BFEAA82A44DA3B00536455 /* AppDelegate.swift */ = {isa = PBXFileReference; lastKnownFileType = sourcecode.swift; path = AppDelegate.swift; sourceTree = "<group>"; };
		F9BFEAAA2A44DA3B00536455 /* SceneDelegate.swift */ = {isa = PBXFileReference; lastKnownFileType = sourcecode.swift; path = SceneDelegate.swift; sourceTree = "<group>"; };
		F9BFEAAC2A44DA3B00536455 /* ViewController.swift */ = {isa = PBXFileReference; lastKnownFileType = sourcecode.swift; path = ViewController.swift; sourceTree = "<group>"; };
		F9BFEAAF2A44DA3B00536455 /* Base */ = {isa = PBXFileReference; lastKnownFileType = file.storyboard; name = Base; path = Base.lproj/Main.storyboard; sourceTree = "<group>"; };
		F9BFEAB12A44DA3C00536455 /* Assets.xcassets */ = {isa = PBXFileReference; lastKnownFileType = folder.assetcatalog; path = Assets.xcassets; sourceTree = "<group>"; };
		F9BFEAB42A44DA3C00536455 /* Base */ = {isa = PBXFileReference; lastKnownFileType = file.storyboard; name = Base; path = Base.lproj/LaunchScreen.storyboard; sourceTree = "<group>"; };
		F9BFEAB62A44DA3C00536455 /* Info.plist */ = {isa = PBXFileReference; lastKnownFileType = text.plist.xml; path = Info.plist; sourceTree = "<group>"; };
/* End PBXFileReference section */

/* Begin PBXFrameworksBuildPhase section */
		F9BFEAA22A44DA3B00536455 /* Frameworks */ = {
			isa = PBXFrameworksBuildPhase;
			buildActionMask = 2147483647;
			files = (
			);
			runOnlyForDeploymentPostprocessing = 0;
		};
/* End PBXFrameworksBuildPhase section */

/* Begin PBXGroup section */
		F993E41A2A48DDE800E9743B /* DSL */ = {
			isa = PBXGroup;
			children = (
				F993E4122A485C0C00E9743B /* ConstraintsBuilder.swift */,
				F993E4162A4869C500E9743B /* ArrayBuilder.swift */,
				F993E4182A48776F00E9743B /* ConstraintsGroupRepresented.swift */,
			);
			path = DSL;
			sourceTree = "<group>";
		};
		F9BFEA9C2A44DA3B00536455 = {
			isa = PBXGroup;
			children = (
				F9BFEAA72A44DA3B00536455 /* ResultBuilders */,
				F9BFEAA62A44DA3B00536455 /* Products */,
			);
			sourceTree = "<group>";
		};
		F9BFEAA62A44DA3B00536455 /* Products */ = {
			isa = PBXGroup;
			children = (
				F9BFEAA52A44DA3B00536455 /* ResultBuilders.app */,
			);
			name = Products;
			sourceTree = "<group>";
		};
		F9BFEAA72A44DA3B00536455 /* ResultBuilders */ = {
			isa = PBXGroup;
			children = (
				F9BFEAAC2A44DA3B00536455 /* ViewController.swift */,
				F9BFEAA82A44DA3B00536455 /* AppDelegate.swift */,
				F9BFEAAA2A44DA3B00536455 /* SceneDelegate.swift */,
				F993E41A2A48DDE800E9743B /* DSL */,
				F9BFEAAE2A44DA3B00536455 /* Main.storyboard */,
				F9BFEAB12A44DA3C00536455 /* Assets.xcassets */,
				F9BFEAB32A44DA3C00536455 /* LaunchScreen.storyboard */,
				F9BFEAB62A44DA3C00536455 /* Info.plist */,
			);
			path = ResultBuilders;
			sourceTree = "<group>";
		};
/* End PBXGroup section */

/* Begin PBXNativeTarget section */
		F9BFEAA42A44DA3B00536455 /* ResultBuilders */ = {
			isa = PBXNativeTarget;
			buildConfigurationList = F9BFEAB92A44DA3C00536455 /* Build configuration list for PBXNativeTarget "ResultBuilders" */;
			buildPhases = (
				F9BFEAA12A44DA3B00536455 /* Sources */,
				F9BFEAA22A44DA3B00536455 /* Frameworks */,
				F9BFEAA32A44DA3B00536455 /* Resources */,
			);
			buildRules = (
			);
			dependencies = (
			);
			name = ResultBuilders;
			productName = ResultBuilders;
			productReference = F9BFEAA52A44DA3B00536455 /* ResultBuilders.app */;
			productType = "com.apple.product-type.application";
		};
/* End PBXNativeTarget section */

/* Begin PBXProject section */
		F9BFEA9D2A44DA3B00536455 /* Project object */ = {
			isa = PBXProject;
			attributes = {
				BuildIndependentTargetsInParallel = 1;
				LastSwiftUpdateCheck = 1430;
				LastUpgradeCheck = 1430;
				TargetAttributes = {
					F9BFEAA42A44DA3B00536455 = {
						CreatedOnToolsVersion = 14.3.1;
					};
				};
			};
			buildConfigurationList = F9BFEAA02A44DA3B00536455 /* Build configuration list for PBXProject "ResultBuilders" */;
			compatibilityVersion = "Xcode 14.0";
			developmentRegion = en;
			hasScannedForEncodings = 0;
			knownRegions = (
				en,
				Base,
			);
			mainGroup = F9BFEA9C2A44DA3B00536455;
			productRefGroup = F9BFEAA62A44DA3B00536455 /* Products */;
			projectDirPath = "";
			projectRoot = "";
			targets = (
				F9BFEAA42A44DA3B00536455 /* ResultBuilders */,
			);
		};
/* End PBXProject section */

/* Begin PBXResourcesBuildPhase section */
		F9BFEAA32A44DA3B00536455 /* Resources */ = {
			isa = PBXResourcesBuildPhase;
			buildActionMask = 2147483647;
			files = (
				F9BFEAB52A44DA3C00536455 /* LaunchScreen.storyboard in Resources */,
				F9BFEAB22A44DA3C00536455 /* Assets.xcassets in Resources */,
				F9BFEAB02A44DA3B00536455 /* Main.storyboard in Resources */,
			);
			runOnlyForDeploymentPostprocessing = 0;
		};
/* End PBXResourcesBuildPhase section */

/* Begin PBXSourcesBuildPhase section */
		F9BFEAA12A44DA3B00536455 /* Sources */ = {
			isa = PBXSourcesBuildPhase;
			buildActionMask = 2147483647;
			files = (
				F993E4192A48776F00E9743B /* ConstraintsGroupRepresented.swift in Sources */,
				F9BFEAAD2A44DA3B00536455 /* ViewController.swift in Sources */,
				F9BFEAA92A44DA3B00536455 /* AppDelegate.swift in Sources */,
				F993E4132A485C0C00E9743B /* ConstraintsBuilder.swift in Sources */,
				F993E4172A4869C500E9743B /* ArrayBuilder.swift in Sources */,
				F9BFEAAB2A44DA3B00536455 /* SceneDelegate.swift in Sources */,
			);
			runOnlyForDeploymentPostprocessing = 0;
		};
/* End PBXSourcesBuildPhase section */

/* Begin PBXVariantGroup section */
		F9BFEAAE2A44DA3B00536455 /* Main.storyboard */ = {
			isa = PBXVariantGroup;
			children = (
				F9BFEAAF2A44DA3B00536455 /* Base */,
			);
			name = Main.storyboard;
			sourceTree = "<group>";
		};
		F9BFEAB32A44DA3C00536455 /* LaunchScreen.storyboard */ = {
			isa = PBXVariantGroup;
			children = (
				F9BFEAB42A44DA3C00536455 /* Base */,
			);
			name = LaunchScreen.storyboard;
			sourceTree = "<group>";
		};
/* End PBXVariantGroup section */

/* Begin XCBuildConfiguration section */
		F9BFEAB72A44DA3C00536455 /* Debug */ = {
			isa = XCBuildConfiguration;
			buildSettings = {
				ALWAYS_SEARCH_USER_PATHS = NO;
				CLANG_ANALYZER_NONNULL = YES;
				CLANG_ANALYZER_NUMBER_OBJECT_CONVERSION = YES_AGGRESSIVE;
				CLANG_CXX_LANGUAGE_STANDARD = "gnu++20";
				CLANG_ENABLE_MODULES = YES;
				CLANG_ENABLE_OBJC_ARC = YES;
				CLANG_ENABLE_OBJC_WEAK = YES;
				CLANG_WARN_BLOCK_CAPTURE_AUTORELEASING = YES;
				CLANG_WARN_BOOL_CONVERSION = YES;
				CLANG_WARN_COMMA = YES;
				CLANG_WARN_CONSTANT_CONVERSION = YES;
				CLANG_WARN_DEPRECATED_OBJC_IMPLEMENTATIONS = YES;
				CLANG_WARN_DIRECT_OBJC_ISA_USAGE = YES_ERROR;
				CLANG_WARN_DOCUMENTATION_COMMENTS = YES;
				CLANG_WARN_EMPTY_BODY = YES;
				CLANG_WARN_ENUM_CONVERSION = YES;
				CLANG_WARN_INFINITE_RECURSION = YES;
				CLANG_WARN_INT_CONVERSION = YES;
				CLANG_WARN_NON_LITERAL_NULL_CONVERSION = YES;
				CLANG_WARN_OBJC_IMPLICIT_RETAIN_SELF = YES;
				CLANG_WARN_OBJC_LITERAL_CONVERSION = YES;
				CLANG_WARN_OBJC_ROOT_CLASS = YES_ERROR;
				CLANG_WARN_QUOTED_INCLUDE_IN_FRAMEWORK_HEADER = YES;
				CLANG_WARN_RANGE_LOOP_ANALYSIS = YES;
				CLANG_WARN_STRICT_PROTOTYPES = YES;
				CLANG_WARN_SUSPICIOUS_MOVE = YES;
				CLANG_WARN_UNGUARDED_AVAILABILITY = YES_AGGRESSIVE;
				CLANG_WARN_UNREACHABLE_CODE = YES;
				CLANG_WARN__DUPLICATE_METHOD_MATCH = YES;
				COPY_PHASE_STRIP = NO;
				DEBUG_INFORMATION_FORMAT = dwarf;
				ENABLE_STRICT_OBJC_MSGSEND = YES;
				ENABLE_TESTABILITY = YES;
				GCC_C_LANGUAGE_STANDARD = gnu11;
				GCC_DYNAMIC_NO_PIC = NO;
				GCC_NO_COMMON_BLOCKS = YES;
				GCC_OPTIMIZATION_LEVEL = 0;
				GCC_PREPROCESSOR_DEFINITIONS = (
					"DEBUG=1",
					"$(inherited)",
				);
				GCC_WARN_64_TO_32_BIT_CONVERSION = YES;
				GCC_WARN_ABOUT_RETURN_TYPE = YES_ERROR;
				GCC_WARN_UNDECLARED_SELECTOR = YES;
				GCC_WARN_UNINITIALIZED_AUTOS = YES_AGGRESSIVE;
				GCC_WARN_UNUSED_FUNCTION = YES;
				GCC_WARN_UNUSED_VARIABLE = YES;
				IPHONEOS_DEPLOYMENT_TARGET = 16.4;
				MTL_ENABLE_DEBUG_INFO = INCLUDE_SOURCE;
				MTL_FAST_MATH = YES;
				ONLY_ACTIVE_ARCH = YES;
				SDKROOT = iphoneos;
				SWIFT_ACTIVE_COMPILATION_CONDITIONS = DEBUG;
				SWIFT_OPTIMIZATION_LEVEL = "-Onone";
			};
			name = Debug;
		};
		F9BFEAB82A44DA3C00536455 /* Release */ = {
			isa = XCBuildConfiguration;
			buildSettings = {
				ALWAYS_SEARCH_USER_PATHS = NO;
				CLANG_ANALYZER_NONNULL = YES;
				CLANG_ANALYZER_NUMBER_OBJECT_CONVERSION = YES_AGGRESSIVE;
				CLANG_CXX_LANGUAGE_STANDARD = "gnu++20";
				CLANG_ENABLE_MODULES = YES;
				CLANG_ENABLE_OBJC_ARC = YES;
				CLANG_ENABLE_OBJC_WEAK = YES;
				CLANG_WARN_BLOCK_CAPTURE_AUTORELEASING = YES;
				CLANG_WARN_BOOL_CONVERSION = YES;
				CLANG_WARN_COMMA = YES;
				CLANG_WARN_CONSTANT_CONVERSION = YES;
				CLANG_WARN_DEPRECATED_OBJC_IMPLEMENTATIONS = YES;
				CLANG_WARN_DIRECT_OBJC_ISA_USAGE = YES_ERROR;
				CLANG_WARN_DOCUMENTATION_COMMENTS = YES;
				CLANG_WARN_EMPTY_BODY = YES;
				CLANG_WARN_ENUM_CONVERSION = YES;
				CLANG_WARN_INFINITE_RECURSION = YES;
				CLANG_WARN_INT_CONVERSION = YES;
				CLANG_WARN_NON_LITERAL_NULL_CONVERSION = YES;
				CLANG_WARN_OBJC_IMPLICIT_RETAIN_SELF = YES;
				CLANG_WARN_OBJC_LITERAL_CONVERSION = YES;
				CLANG_WARN_OBJC_ROOT_CLASS = YES_ERROR;
				CLANG_WARN_QUOTED_INCLUDE_IN_FRAMEWORK_HEADER = YES;
				CLANG_WARN_RANGE_LOOP_ANALYSIS = YES;
				CLANG_WARN_STRICT_PROTOTYPES = YES;
				CLANG_WARN_SUSPICIOUS_MOVE = YES;
				CLANG_WARN_UNGUARDED_AVAILABILITY = YES_AGGRESSIVE;
				CLANG_WARN_UNREACHABLE_CODE = YES;
				CLANG_WARN__DUPLICATE_METHOD_MATCH = YES;
				COPY_PHASE_STRIP = NO;
				DEBUG_INFORMATION_FORMAT = "dwarf-with-dsym";
				ENABLE_NS_ASSERTIONS = NO;
				ENABLE_STRICT_OBJC_MSGSEND = YES;
				GCC_C_LANGUAGE_STANDARD = gnu11;
				GCC_NO_COMMON_BLOCKS = YES;
				GCC_WARN_64_TO_32_BIT_CONVERSION = YES;
				GCC_WARN_ABOUT_RETURN_TYPE = YES_ERROR;
				GCC_WARN_UNDECLARED_SELECTOR = YES;
				GCC_WARN_UNINITIALIZED_AUTOS = YES_AGGRESSIVE;
				GCC_WARN_UNUSED_FUNCTION = YES;
				GCC_WARN_UNUSED_VARIABLE = YES;
				IPHONEOS_DEPLOYMENT_TARGET = 16.4;
				MTL_ENABLE_DEBUG_INFO = NO;
				MTL_FAST_MATH = YES;
				SDKROOT = iphoneos;
				SWIFT_COMPILATION_MODE = wholemodule;
				SWIFT_OPTIMIZATION_LEVEL = "-O";
				VALIDATE_PRODUCT = YES;
			};
			name = Release;
		};
		F9BFEABA2A44DA3C00536455 /* Debug */ = {
			isa = XCBuildConfiguration;
			buildSettings = {
				ASSETCATALOG_COMPILER_APPICON_NAME = AppIcon;
				ASSETCATALOG_COMPILER_GLOBAL_ACCENT_COLOR_NAME = AccentColor;
				CODE_SIGN_STYLE = Automatic;
				CURRENT_PROJECT_VERSION = 1;
				DEVELOPMENT_TEAM = 4D43654LR7;
				GENERATE_INFOPLIST_FILE = YES;
				INFOPLIST_FILE = ResultBuilders/Info.plist;
				INFOPLIST_KEY_UIApplicationSupportsIndirectInputEvents = YES;
				INFOPLIST_KEY_UILaunchStoryboardName = LaunchScreen;
				INFOPLIST_KEY_UIMainStoryboardFile = Main;
				INFOPLIST_KEY_UISupportedInterfaceOrientations_iPad = "UIInterfaceOrientationPortrait UIInterfaceOrientationPortraitUpsideDown UIInterfaceOrientationLandscapeLeft UIInterfaceOrientationLandscapeRight";
				INFOPLIST_KEY_UISupportedInterfaceOrientations_iPhone = "UIInterfaceOrientationPortrait UIInterfaceOrientationLandscapeLeft UIInterfaceOrientationLandscapeRight";
				IPHONEOS_DEPLOYMENT_TARGET = 16.0;
				LD_RUNPATH_SEARCH_PATHS = (
					"$(inherited)",
					"@executable_path/Frameworks",
				);
				MARKETING_VERSION = 1.0;
				PRODUCT_BUNDLE_IDENTIFIER = lexemz.ResultBuilders;
				PRODUCT_NAME = "$(TARGET_NAME)";
				SWIFT_EMIT_LOC_STRINGS = YES;
				SWIFT_VERSION = 5.0;
				TARGETED_DEVICE_FAMILY = "1,2";
			};
			name = Debug;
		};
		F9BFEABB2A44DA3C00536455 /* Release */ = {
			isa = XCBuildConfiguration;
			buildSettings = {
				ASSETCATALOG_COMPILER_APPICON_NAME = AppIcon;
				ASSETCATALOG_COMPILER_GLOBAL_ACCENT_COLOR_NAME = AccentColor;
				CODE_SIGN_STYLE = Automatic;
				CURRENT_PROJECT_VERSION = 1;
				DEVELOPMENT_TEAM = 4D43654LR7;
				GENERATE_INFOPLIST_FILE = YES;
				INFOPLIST_FILE = ResultBuilders/Info.plist;
				INFOPLIST_KEY_UIApplicationSupportsIndirectInputEvents = YES;
				INFOPLIST_KEY_UILaunchStoryboardName = LaunchScreen;
				INFOPLIST_KEY_UIMainStoryboardFile = Main;
				INFOPLIST_KEY_UISupportedInterfaceOrientations_iPad = "UIInterfaceOrientationPortrait UIInterfaceOrientationPortraitUpsideDown UIInterfaceOrientationLandscapeLeft UIInterfaceOrientationLandscapeRight";
				INFOPLIST_KEY_UISupportedInterfaceOrientations_iPhone = "UIInterfaceOrientationPortrait UIInterfaceOrientationLandscapeLeft UIInterfaceOrientationLandscapeRight";
				IPHONEOS_DEPLOYMENT_TARGET = 16.0;
				LD_RUNPATH_SEARCH_PATHS = (
					"$(inherited)",
					"@executable_path/Frameworks",
				);
				MARKETING_VERSION = 1.0;
				PRODUCT_BUNDLE_IDENTIFIER = lexemz.ResultBuilders;
				PRODUCT_NAME = "$(TARGET_NAME)";
				SWIFT_EMIT_LOC_STRINGS = YES;
				SWIFT_VERSION = 5.0;
				TARGETED_DEVICE_FAMILY = "1,2";
			};
			name = Release;
		};
/* End XCBuildConfiguration section */

/* Begin XCConfigurationList section */
		F9BFEAA02A44DA3B00536455 /* Build configuration list for PBXProject "ResultBuilders" */ = {
			isa = XCConfigurationList;
			buildConfigurations = (
				F9BFEAB72A44DA3C00536455 /* Debug */,
				F9BFEAB82A44DA3C00536455 /* Release */,
			);
			defaultConfigurationIsVisible = 0;
			defaultConfigurationName = Release;
		};
		F9BFEAB92A44DA3C00536455 /* Build configuration list for PBXNativeTarget "ResultBuilders" */ = {
			isa = XCConfigurationList;
			buildConfigurations = (
				F9BFEABA2A44DA3C00536455 /* Debug */,
				F9BFEABB2A44DA3C00536455 /* Release */,
			);
			defaultConfigurationIsVisible = 0;
			defaultConfigurationName = Release;
		};
/* End XCConfigurationList section */
	};
	rootObject = F9BFEA9D2A44DA3B00536455 /* Project object */;
}
