// !$*UTF8*$!
{
	archiveVersion = 1;
	classes = {
	};
	objectVersion = 56;
	objects = {

/* Begin PBXBuildFile section */
		F900581A2A13699B00F8FED7 /* AppDelegate.swift in Sources */ = {isa = PBXBuildFile; fileRef = F90058192A13699B00F8FED7 /* AppDelegate.swift */; };
		F900581C2A13699B00F8FED7 /* SceneDelegate.swift in Sources */ = {isa = PBXBuildFile; fileRef = F900581B2A13699B00F8FED7 /* SceneDelegate.swift */; };
		F900581E2A13699B00F8FED7 /* ViewController.swift in Sources */ = {isa = PBXBuildFile; fileRef = F900581D2A13699B00F8FED7 /* ViewController.swift */; };
		F90058232A13699D00F8FED7 /* Assets.xcassets in Resources */ = {isa = PBXBuildFile; fileRef = F90058222A13699D00F8FED7 /* Assets.xcassets */; };
		F90058262A13699D00F8FED7 /* LaunchScreen.storyboard in Resources */ = {isa = PBXBuildFile; fileRef = F90058242A13699D00F8FED7 /* LaunchScreen.storyboard */; };
		F900582E2A136C8800F8FED7 /* NumericPadView.swift in Sources */ = {isa = PBXBuildFile; fileRef = F900582D2A136C8800F8FED7 /* NumericPadView.swift */; };
		F9AB918D2A1A9FF00054D564 /* PinPadView.swift in Sources */ = {isa = PBXBuildFile; fileRef = F9AB918C2A1A9FF00054D564 /* PinPadView.swift */; };
		F9AB91902A1AA3730054D564 /* DotIndicatorView.swift in Sources */ = {isa = PBXBuildFile; fileRef = F9AB918F2A1AA3730054D564 /* DotIndicatorView.swift */; };
/* End PBXBuildFile section */

/* Begin PBXFileReference section */
		F90058162A13699B00F8FED7 /* Log-In-Screen.app */ = {isa = PBXFileReference; explicitFileType = wrapper.application; includeInIndex = 0; path = "Log-In-Screen.app"; sourceTree = BUILT_PRODUCTS_DIR; };
		F90058192A13699B00F8FED7 /* AppDelegate.swift */ = {isa = PBXFileReference; lastKnownFileType = sourcecode.swift; path = AppDelegate.swift; sourceTree = "<group>"; };
		F900581B2A13699B00F8FED7 /* SceneDelegate.swift */ = {isa = PBXFileReference; lastKnownFileType = sourcecode.swift; path = SceneDelegate.swift; sourceTree = "<group>"; };
		F900581D2A13699B00F8FED7 /* ViewController.swift */ = {isa = PBXFileReference; lastKnownFileType = sourcecode.swift; path = ViewController.swift; sourceTree = "<group>"; };
		F90058222A13699D00F8FED7 /* Assets.xcassets */ = {isa = PBXFileReference; lastKnownFileType = folder.assetcatalog; path = Assets.xcassets; sourceTree = "<group>"; };
		F90058252A13699D00F8FED7 /* Base */ = {isa = PBXFileReference; lastKnownFileType = file.storyboard; name = Base; path = Base.lproj/LaunchScreen.storyboard; sourceTree = "<group>"; };
		F90058272A13699D00F8FED7 /* Info.plist */ = {isa = PBXFileReference; lastKnownFileType = text.plist.xml; path = Info.plist; sourceTree = "<group>"; };
		F900582D2A136C8800F8FED7 /* NumericPadView.swift */ = {isa = PBXFileReference; lastKnownFileType = sourcecode.swift; path = NumericPadView.swift; sourceTree = "<group>"; };
		F9AB918C2A1A9FF00054D564 /* PinPadView.swift */ = {isa = PBXFileReference; lastKnownFileType = sourcecode.swift; path = PinPadView.swift; sourceTree = "<group>"; };
		F9AB918F2A1AA3730054D564 /* DotIndicatorView.swift */ = {isa = PBXFileReference; lastKnownFileType = sourcecode.swift; path = DotIndicatorView.swift; sourceTree = "<group>"; };
/* End PBXFileReference section */

/* Begin PBXFrameworksBuildPhase section */
		F90058132A13699B00F8FED7 /* Frameworks */ = {
			isa = PBXFrameworksBuildPhase;
			buildActionMask = 2147483647;
			files = (
			);
			runOnlyForDeploymentPostprocessing = 0;
		};
/* End PBXFrameworksBuildPhase section */

/* Begin PBXGroup section */
		F900580D2A13699B00F8FED7 = {
			isa = PBXGroup;
			children = (
				F90058182A13699B00F8FED7 /* Log-In-Screen */,
				F90058172A13699B00F8FED7 /* Products */,
			);
			sourceTree = "<group>";
		};
		F90058172A13699B00F8FED7 /* Products */ = {
			isa = PBXGroup;
			children = (
				F90058162A13699B00F8FED7 /* Log-In-Screen.app */,
			);
			name = Products;
			sourceTree = "<group>";
		};
		F90058182A13699B00F8FED7 /* Log-In-Screen */ = {
			isa = PBXGroup;
			children = (
				F90058192A13699B00F8FED7 /* AppDelegate.swift */,
				F900581B2A13699B00F8FED7 /* SceneDelegate.swift */,
				F900581D2A13699B00F8FED7 /* ViewController.swift */,
				F9AB918E2A1AA3580054D564 /* PinPadView */,
				F90058222A13699D00F8FED7 /* Assets.xcassets */,
				F90058242A13699D00F8FED7 /* LaunchScreen.storyboard */,
				F90058272A13699D00F8FED7 /* Info.plist */,
			);
			path = "Log-In-Screen";
			sourceTree = "<group>";
		};
		F9AB918E2A1AA3580054D564 /* PinPadView */ = {
			isa = PBXGroup;
			children = (
				F9AB918C2A1A9FF00054D564 /* PinPadView.swift */,
				F9AB918F2A1AA3730054D564 /* DotIndicatorView.swift */,
				F900582D2A136C8800F8FED7 /* NumericPadView.swift */,
			);
			path = PinPadView;
			sourceTree = "<group>";
		};
/* End PBXGroup section */

/* Begin PBXNativeTarget section */
		F90058152A13699B00F8FED7 /* Log-In-Screen */ = {
			isa = PBXNativeTarget;
			buildConfigurationList = F900582A2A13699D00F8FED7 /* Build configuration list for PBXNativeTarget "Log-In-Screen" */;
			buildPhases = (
				F90058122A13699B00F8FED7 /* Sources */,
				F90058132A13699B00F8FED7 /* Frameworks */,
				F90058142A13699B00F8FED7 /* Resources */,
			);
			buildRules = (
			);
			dependencies = (
			);
			name = "Log-In-Screen";
			productName = "Log-In-Screen";
			productReference = F90058162A13699B00F8FED7 /* Log-In-Screen.app */;
			productType = "com.apple.product-type.application";
		};
/* End PBXNativeTarget section */

/* Begin PBXProject section */
		F900580E2A13699B00F8FED7 /* Project object */ = {
			isa = PBXProject;
			attributes = {
				BuildIndependentTargetsInParallel = 1;
				LastSwiftUpdateCheck = 1430;
				LastUpgradeCheck = 1430;
				TargetAttributes = {
					F90058152A13699B00F8FED7 = {
						CreatedOnToolsVersion = 14.3;
					};
				};
			};
			buildConfigurationList = F90058112A13699B00F8FED7 /* Build configuration list for PBXProject "Log-In-Screen" */;
			compatibilityVersion = "Xcode 14.0";
			developmentRegion = en;
			hasScannedForEncodings = 0;
			knownRegions = (
				en,
				Base,
			);
			mainGroup = F900580D2A13699B00F8FED7;
			productRefGroup = F90058172A13699B00F8FED7 /* Products */;
			projectDirPath = "";
			projectRoot = "";
			targets = (
				F90058152A13699B00F8FED7 /* Log-In-Screen */,
			);
		};
/* End PBXProject section */

/* Begin PBXResourcesBuildPhase section */
		F90058142A13699B00F8FED7 /* Resources */ = {
			isa = PBXResourcesBuildPhase;
			buildActionMask = 2147483647;
			files = (
				F90058262A13699D00F8FED7 /* LaunchScreen.storyboard in Resources */,
				F90058232A13699D00F8FED7 /* Assets.xcassets in Resources */,
			);
			runOnlyForDeploymentPostprocessing = 0;
		};
/* End PBXResourcesBuildPhase section */

/* Begin PBXSourcesBuildPhase section */
		F90058122A13699B00F8FED7 /* Sources */ = {
			isa = PBXSourcesBuildPhase;
			buildActionMask = 2147483647;
			files = (
				F900581E2A13699B00F8FED7 /* ViewController.swift in Sources */,
				F900581A2A13699B00F8FED7 /* AppDelegate.swift in Sources */,
				F9AB91902A1AA3730054D564 /* DotIndicatorView.swift in Sources */,
				F900582E2A136C8800F8FED7 /* NumericPadView.swift in Sources */,
				F900581C2A13699B00F8FED7 /* SceneDelegate.swift in Sources */,
				F9AB918D2A1A9FF00054D564 /* PinPadView.swift in Sources */,
			);
			runOnlyForDeploymentPostprocessing = 0;
		};
/* End PBXSourcesBuildPhase section */

/* Begin PBXVariantGroup section */
		F90058242A13699D00F8FED7 /* LaunchScreen.storyboard */ = {
			isa = PBXVariantGroup;
			children = (
				F90058252A13699D00F8FED7 /* Base */,
			);
			name = LaunchScreen.storyboard;
			sourceTree = "<group>";
		};
/* End PBXVariantGroup section */

/* Begin XCBuildConfiguration section */
		F90058282A13699D00F8FED7 /* Debug */ = {
			isa = XCBuildConfiguration;
			buildSettings = {
				ALWAYS_SEARCH_USER_PATHS = NO;
				CLANG_ANALYZER_NONNULL = YES;
				CLANG_ANALYZER_NUMBER_OBJECT_CONVERSION = YES_AGGRESSIVE;
				CLANG_CXX_LANGUAGE_STANDARD = "gnu++20";
				CLANG_ENABLE_MODULES = YES;
				CLANG_ENABLE_OBJC_ARC = YES;
				CLANG_ENABLE_OBJC_WEAK = YES;
				CLANG_WARN_BLOCK_CAPTURE_AUTORELEASING = YES;
				CLANG_WARN_BOOL_CONVERSION = YES;
				CLANG_WARN_COMMA = YES;
				CLANG_WARN_CONSTANT_CONVERSION = YES;
				CLANG_WARN_DEPRECATED_OBJC_IMPLEMENTATIONS = YES;
				CLANG_WARN_DIRECT_OBJC_ISA_USAGE = YES_ERROR;
				CLANG_WARN_DOCUMENTATION_COMMENTS = YES;
				CLANG_WARN_EMPTY_BODY = YES;
				CLANG_WARN_ENUM_CONVERSION = YES;
				CLANG_WARN_INFINITE_RECURSION = YES;
				CLANG_WARN_INT_CONVERSION = YES;
				CLANG_WARN_NON_LITERAL_NULL_CONVERSION = YES;
				CLANG_WARN_OBJC_IMPLICIT_RETAIN_SELF = YES;
				CLANG_WARN_OBJC_LITERAL_CONVERSION = YES;
				CLANG_WARN_OBJC_ROOT_CLASS = YES_ERROR;
				CLANG_WARN_QUOTED_INCLUDE_IN_FRAMEWORK_HEADER = YES;
				CLANG_WARN_RANGE_LOOP_ANALYSIS = YES;
				CLANG_WARN_STRICT_PROTOTYPES = YES;
				CLANG_WARN_SUSPICIOUS_MOVE = YES;
				CLANG_WARN_UNGUARDED_AVAILABILITY = YES_AGGRESSIVE;
				CLANG_WARN_UNREACHABLE_CODE = YES;
				CLANG_WARN__DUPLICATE_METHOD_MATCH = YES;
				COPY_PHASE_STRIP = NO;
				DEBUG_INFORMATION_FORMAT = dwarf;
				ENABLE_STRICT_OBJC_MSGSEND = YES;
				ENABLE_TESTABILITY = YES;
				GCC_C_LANGUAGE_STANDARD = gnu11;
				GCC_DYNAMIC_NO_PIC = NO;
				GCC_NO_COMMON_BLOCKS = YES;
				GCC_OPTIMIZATION_LEVEL = 0;
				GCC_PREPROCESSOR_DEFINITIONS = (
					"DEBUG=1",
					"$(inherited)",
				);
				GCC_WARN_64_TO_32_BIT_CONVERSION = YES;
				GCC_WARN_ABOUT_RETURN_TYPE = YES_ERROR;
				GCC_WARN_UNDECLARED_SELECTOR = YES;
				GCC_WARN_UNINITIALIZED_AUTOS = YES_AGGRESSIVE;
				GCC_WARN_UNUSED_FUNCTION = YES;
				GCC_WARN_UNUSED_VARIABLE = YES;
				IPHONEOS_DEPLOYMENT_TARGET = 16.4;
				MTL_ENABLE_DEBUG_INFO = INCLUDE_SOURCE;
				MTL_FAST_MATH = YES;
				ONLY_ACTIVE_ARCH = YES;
				SDKROOT = iphoneos;
				SWIFT_ACTIVE_COMPILATION_CONDITIONS = DEBUG;
				SWIFT_OPTIMIZATION_LEVEL = "-Onone";
			};
			name = Debug;
		};
		F90058292A13699D00F8FED7 /* Release */ = {
			isa = XCBuildConfiguration;
			buildSettings = {
				ALWAYS_SEARCH_USER_PATHS = NO;
				CLANG_ANALYZER_NONNULL = YES;
				CLANG_ANALYZER_NUMBER_OBJECT_CONVERSION = YES_AGGRESSIVE;
				CLANG_CXX_LANGUAGE_STANDARD = "gnu++20";
				CLANG_ENABLE_MODULES = YES;
				CLANG_ENABLE_OBJC_ARC = YES;
				CLANG_ENABLE_OBJC_WEAK = YES;
				CLANG_WARN_BLOCK_CAPTURE_AUTORELEASING = YES;
				CLANG_WARN_BOOL_CONVERSION = YES;
				CLANG_WARN_COMMA = YES;
				CLANG_WARN_CONSTANT_CONVERSION = YES;
				CLANG_WARN_DEPRECATED_OBJC_IMPLEMENTATIONS = YES;
				CLANG_WARN_DIRECT_OBJC_ISA_USAGE = YES_ERROR;
				CLANG_WARN_DOCUMENTATION_COMMENTS = YES;
				CLANG_WARN_EMPTY_BODY = YES;
				CLANG_WARN_ENUM_CONVERSION = YES;
				CLANG_WARN_INFINITE_RECURSION = YES;
				CLANG_WARN_INT_CONVERSION = YES;
				CLANG_WARN_NON_LITERAL_NULL_CONVERSION = YES;
				CLANG_WARN_OBJC_IMPLICIT_RETAIN_SELF = YES;
				CLANG_WARN_OBJC_LITERAL_CONVERSION = YES;
				CLANG_WARN_OBJC_ROOT_CLASS = YES_ERROR;
				CLANG_WARN_QUOTED_INCLUDE_IN_FRAMEWORK_HEADER = YES;
				CLANG_WARN_RANGE_LOOP_ANALYSIS = YES;
				CLANG_WARN_STRICT_PROTOTYPES = YES;
				CLANG_WARN_SUSPICIOUS_MOVE = YES;
				CLANG_WARN_UNGUARDED_AVAILABILITY = YES_AGGRESSIVE;
				CLANG_WARN_UNREACHABLE_CODE = YES;
				CLANG_WARN__DUPLICATE_METHOD_MATCH = YES;
				COPY_PHASE_STRIP = NO;
				DEBUG_INFORMATION_FORMAT = "dwarf-with-dsym";
				ENABLE_NS_ASSERTIONS = NO;
				ENABLE_STRICT_OBJC_MSGSEND = YES;
				GCC_C_LANGUAGE_STANDARD = gnu11;
				GCC_NO_COMMON_BLOCKS = YES;
				GCC_WARN_64_TO_32_BIT_CONVERSION = YES;
				GCC_WARN_ABOUT_RETURN_TYPE = YES_ERROR;
				GCC_WARN_UNDECLARED_SELECTOR = YES;
				GCC_WARN_UNINITIALIZED_AUTOS = YES_AGGRESSIVE;
				GCC_WARN_UNUSED_FUNCTION = YES;
				GCC_WARN_UNUSED_VARIABLE = YES;
				IPHONEOS_DEPLOYMENT_TARGET = 16.4;
				MTL_ENABLE_DEBUG_INFO = NO;
				MTL_FAST_MATH = YES;
				SDKROOT = iphoneos;
				SWIFT_COMPILATION_MODE = wholemodule;
				SWIFT_OPTIMIZATION_LEVEL = "-O";
				VALIDATE_PRODUCT = YES;
			};
			name = Release;
		};
		F900582B2A13699D00F8FED7 /* Debug */ = {
			isa = XCBuildConfiguration;
			buildSettings = {
				ASSETCATALOG_COMPILER_APPICON_NAME = AppIcon;
				ASSETCATALOG_COMPILER_GLOBAL_ACCENT_COLOR_NAME = AccentColor;
				CODE_SIGN_STYLE = Automatic;
				CURRENT_PROJECT_VERSION = 1;
				GENERATE_INFOPLIST_FILE = YES;
				INFOPLIST_FILE = "Log-In-Screen/Info.plist";
				INFOPLIST_KEY_UIApplicationSupportsIndirectInputEvents = YES;
				INFOPLIST_KEY_UILaunchStoryboardName = LaunchScreen;
				INFOPLIST_KEY_UISupportedInterfaceOrientations_iPad = "UIInterfaceOrientationPortrait UIInterfaceOrientationPortraitUpsideDown UIInterfaceOrientationLandscapeLeft UIInterfaceOrientationLandscapeRight";
				INFOPLIST_KEY_UISupportedInterfaceOrientations_iPhone = "UIInterfaceOrientationPortrait UIInterfaceOrientationLandscapeLeft UIInterfaceOrientationLandscapeRight";
				LD_RUNPATH_SEARCH_PATHS = (
					"$(inherited)",
					"@executable_path/Frameworks",
				);
				MARKETING_VERSION = 1.0;
				PRODUCT_BUNDLE_IDENTIFIER = "lexemz.Log-In-Screen";
				PRODUCT_NAME = "$(TARGET_NAME)";
				SWIFT_EMIT_LOC_STRINGS = YES;
				SWIFT_VERSION = 5.0;
				TARGETED_DEVICE_FAMILY = "1,2";
			};
			name = Debug;
		};
		F900582C2A13699D00F8FED7 /* Release */ = {
			isa = XCBuildConfiguration;
			buildSettings = {
				ASSETCATALOG_COMPILER_APPICON_NAME = AppIcon;
				ASSETCATALOG_COMPILER_GLOBAL_ACCENT_COLOR_NAME = AccentColor;
				CODE_SIGN_STYLE = Automatic;
				CURRENT_PROJECT_VERSION = 1;
				GENERATE_INFOPLIST_FILE = YES;
				INFOPLIST_FILE = "Log-In-Screen/Info.plist";
				INFOPLIST_KEY_UIApplicationSupportsIndirectInputEvents = YES;
				INFOPLIST_KEY_UILaunchStoryboardName = LaunchScreen;
				INFOPLIST_KEY_UISupportedInterfaceOrientations_iPad = "UIInterfaceOrientationPortrait UIInterfaceOrientationPortraitUpsideDown UIInterfaceOrientationLandscapeLeft UIInterfaceOrientationLandscapeRight";
				INFOPLIST_KEY_UISupportedInterfaceOrientations_iPhone = "UIInterfaceOrientationPortrait UIInterfaceOrientationLandscapeLeft UIInterfaceOrientationLandscapeRight";
				LD_RUNPATH_SEARCH_PATHS = (
					"$(inherited)",
					"@executable_path/Frameworks",
				);
				MARKETING_VERSION = 1.0;
				PRODUCT_BUNDLE_IDENTIFIER = "lexemz.Log-In-Screen";
				PRODUCT_NAME = "$(TARGET_NAME)";
				SWIFT_EMIT_LOC_STRINGS = YES;
				SWIFT_VERSION = 5.0;
				TARGETED_DEVICE_FAMILY = "1,2";
			};
			name = Release;
		};
/* End XCBuildConfiguration section */

/* Begin XCConfigurationList section */
		F90058112A13699B00F8FED7 /* Build configuration list for PBXProject "Log-In-Screen" */ = {
			isa = XCConfigurationList;
			buildConfigurations = (
				F90058282A13699D00F8FED7 /* Debug */,
				F90058292A13699D00F8FED7 /* Release */,
			);
			defaultConfigurationIsVisible = 0;
			defaultConfigurationName = Release;
		};
		F900582A2A13699D00F8FED7 /* Build configuration list for PBXNativeTarget "Log-In-Screen" */ = {
			isa = XCConfigurationList;
			buildConfigurations = (
				F900582B2A13699D00F8FED7 /* Debug */,
				F900582C2A13699D00F8FED7 /* Release */,
			);
			defaultConfigurationIsVisible = 0;
			defaultConfigurationName = Release;
		};
/* End XCConfigurationList section */
	};
	rootObject = F900580E2A13699B00F8FED7 /* Project object */;
}
