// !$*UTF8*$!
{
	archiveVersion = 1;
	classes = {
	};
	objectVersion = 56;
	objects = {

/* Begin PBXBuildFile section */
		F9ECBDA829DF543300F81ECA /* AppDelegate.swift in Sources */ = {isa = PBXBuildFile; fileRef = F9ECBDA729DF543300F81ECA /* AppDelegate.swift */; };
		F9ECBDAA29DF543300F81ECA /* SceneDelegate.swift in Sources */ = {isa = PBXBuildFile; fileRef = F9ECBDA929DF543300F81ECA /* SceneDelegate.swift */; };
		F9ECBDAC29DF543300F81ECA /* ViewController.swift in Sources */ = {isa = PBXBuildFile; fileRef = F9ECBDAB29DF543300F81ECA /* ViewController.swift */; };
		F9ECBDAF29DF543300F81ECA /* Main.storyboard in Resources */ = {isa = PBXBuildFile; fileRef = F9ECBDAD29DF543300F81ECA /* Main.storyboard */; };
		F9ECBDB129DF543500F81ECA /* Assets.xcassets in Resources */ = {isa = PBXBuildFile; fileRef = F9ECBDB029DF543500F81ECA /* Assets.xcassets */; };
		F9ECBDB429DF543500F81ECA /* LaunchScreen.storyboard in Resources */ = {isa = PBXBuildFile; fileRef = F9ECBDB229DF543500F81ECA /* LaunchScreen.storyboard */; };
		F9ECBDBC29DF546500F81ECA /* AsyncWorker.swift in Sources */ = {isa = PBXBuildFile; fileRef = F9ECBDBB29DF546500F81ECA /* AsyncWorker.swift */; };
/* End PBXBuildFile section */

/* Begin PBXFileReference section */
		F9ECBDA429DF543300F81ECA /* ReferensesTypes.app */ = {isa = PBXFileReference; explicitFileType = wrapper.application; includeInIndex = 0; path = ReferensesTypes.app; sourceTree = BUILT_PRODUCTS_DIR; };
		F9ECBDA729DF543300F81ECA /* AppDelegate.swift */ = {isa = PBXFileReference; lastKnownFileType = sourcecode.swift; path = AppDelegate.swift; sourceTree = "<group>"; };
		F9ECBDA929DF543300F81ECA /* SceneDelegate.swift */ = {isa = PBXFileReference; lastKnownFileType = sourcecode.swift; path = SceneDelegate.swift; sourceTree = "<group>"; };
		F9ECBDAB29DF543300F81ECA /* ViewController.swift */ = {isa = PBXFileReference; lastKnownFileType = sourcecode.swift; path = ViewController.swift; sourceTree = "<group>"; };
		F9ECBDAE29DF543300F81ECA /* Base */ = {isa = PBXFileReference; lastKnownFileType = file.storyboard; name = Base; path = Base.lproj/Main.storyboard; sourceTree = "<group>"; };
		F9ECBDB029DF543500F81ECA /* Assets.xcassets */ = {isa = PBXFileReference; lastKnownFileType = folder.assetcatalog; path = Assets.xcassets; sourceTree = "<group>"; };
		F9ECBDB329DF543500F81ECA /* Base */ = {isa = PBXFileReference; lastKnownFileType = file.storyboard; name = Base; path = Base.lproj/LaunchScreen.storyboard; sourceTree = "<group>"; };
		F9ECBDB529DF543500F81ECA /* Info.plist */ = {isa = PBXFileReference; lastKnownFileType = text.plist.xml; path = Info.plist; sourceTree = "<group>"; };
		F9ECBDBB29DF546500F81ECA /* AsyncWorker.swift */ = {isa = PBXFileReference; lastKnownFileType = sourcecode.swift; path = AsyncWorker.swift; sourceTree = "<group>"; };
/* End PBXFileReference section */

/* Begin PBXFrameworksBuildPhase section */
		F9ECBDA129DF543300F81ECA /* Frameworks */ = {
			isa = PBXFrameworksBuildPhase;
			buildActionMask = 2147483647;
			files = (
			);
			runOnlyForDeploymentPostprocessing = 0;
		};
/* End PBXFrameworksBuildPhase section */

/* Begin PBXGroup section */
		F9ECBD9B29DF543300F81ECA = {
			isa = PBXGroup;
			children = (
				F9ECBDA629DF543300F81ECA /* ReferensesTypes */,
				F9ECBDA529DF543300F81ECA /* Products */,
			);
			sourceTree = "<group>";
		};
		F9ECBDA529DF543300F81ECA /* Products */ = {
			isa = PBXGroup;
			children = (
				F9ECBDA429DF543300F81ECA /* ReferensesTypes.app */,
			);
			name = Products;
			sourceTree = "<group>";
		};
		F9ECBDA629DF543300F81ECA /* ReferensesTypes */ = {
			isa = PBXGroup;
			children = (
				F9ECBDA729DF543300F81ECA /* AppDelegate.swift */,
				F9ECBDA929DF543300F81ECA /* SceneDelegate.swift */,
				F9ECBDAB29DF543300F81ECA /* ViewController.swift */,
				F9ECBDBB29DF546500F81ECA /* AsyncWorker.swift */,
				F9ECBDAD29DF543300F81ECA /* Main.storyboard */,
				F9ECBDB029DF543500F81ECA /* Assets.xcassets */,
				F9ECBDB229DF543500F81ECA /* LaunchScreen.storyboard */,
				F9ECBDB529DF543500F81ECA /* Info.plist */,
			);
			path = ReferensesTypes;
			sourceTree = "<group>";
		};
/* End PBXGroup section */

/* Begin PBXNativeTarget section */
		F9ECBDA329DF543300F81ECA /* ReferensesTypes */ = {
			isa = PBXNativeTarget;
			buildConfigurationList = F9ECBDB829DF543500F81ECA /* Build configuration list for PBXNativeTarget "ReferensesTypes" */;
			buildPhases = (
				F9ECBDA029DF543300F81ECA /* Sources */,
				F9ECBDA129DF543300F81ECA /* Frameworks */,
				F9ECBDA229DF543300F81ECA /* Resources */,
			);
			buildRules = (
			);
			dependencies = (
			);
			name = ReferensesTypes;
			productName = ReferensesTypes;
			productReference = F9ECBDA429DF543300F81ECA /* ReferensesTypes.app */;
			productType = "com.apple.product-type.application";
		};
/* End PBXNativeTarget section */

/* Begin PBXProject section */
		F9ECBD9C29DF543300F81ECA /* Project object */ = {
			isa = PBXProject;
			attributes = {
				BuildIndependentTargetsInParallel = 1;
				LastSwiftUpdateCheck = 1430;
				LastUpgradeCheck = 1430;
				TargetAttributes = {
					F9ECBDA329DF543300F81ECA = {
						CreatedOnToolsVersion = 14.3;
					};
				};
			};
			buildConfigurationList = F9ECBD9F29DF543300F81ECA /* Build configuration list for PBXProject "ReferensesTypes" */;
			compatibilityVersion = "Xcode 14.0";
			developmentRegion = en;
			hasScannedForEncodings = 0;
			knownRegions = (
				en,
				Base,
			);
			mainGroup = F9ECBD9B29DF543300F81ECA;
			productRefGroup = F9ECBDA529DF543300F81ECA /* Products */;
			projectDirPath = "";
			projectRoot = "";
			targets = (
				F9ECBDA329DF543300F81ECA /* ReferensesTypes */,
			);
		};
/* End PBXProject section */

/* Begin PBXResourcesBuildPhase section */
		F9ECBDA229DF543300F81ECA /* Resources */ = {
			isa = PBXResourcesBuildPhase;
			buildActionMask = 2147483647;
			files = (
				F9ECBDB429DF543500F81ECA /* LaunchScreen.storyboard in Resources */,
				F9ECBDB129DF543500F81ECA /* Assets.xcassets in Resources */,
				F9ECBDAF29DF543300F81ECA /* Main.storyboard in Resources */,
			);
			runOnlyForDeploymentPostprocessing = 0;
		};
/* End PBXResourcesBuildPhase section */

/* Begin PBXSourcesBuildPhase section */
		F9ECBDA029DF543300F81ECA /* Sources */ = {
			isa = PBXSourcesBuildPhase;
			buildActionMask = 2147483647;
			files = (
				F9ECBDBC29DF546500F81ECA /* AsyncWorker.swift in Sources */,
				F9ECBDAC29DF543300F81ECA /* ViewController.swift in Sources */,
				F9ECBDA829DF543300F81ECA /* AppDelegate.swift in Sources */,
				F9ECBDAA29DF543300F81ECA /* SceneDelegate.swift in Sources */,
			);
			runOnlyForDeploymentPostprocessing = 0;
		};
/* End PBXSourcesBuildPhase section */

/* Begin PBXVariantGroup section */
		F9ECBDAD29DF543300F81ECA /* Main.storyboard */ = {
			isa = PBXVariantGroup;
			children = (
				F9ECBDAE29DF543300F81ECA /* Base */,
			);
			name = Main.storyboard;
			sourceTree = "<group>";
		};
		F9ECBDB229DF543500F81ECA /* LaunchScreen.storyboard */ = {
			isa = PBXVariantGroup;
			children = (
				F9ECBDB329DF543500F81ECA /* Base */,
			);
			name = LaunchScreen.storyboard;
			sourceTree = "<group>";
		};
/* End PBXVariantGroup section */

/* Begin XCBuildConfiguration section */
		F9ECBDB629DF543500F81ECA /* Debug */ = {
			isa = XCBuildConfiguration;
			buildSettings = {
				ALWAYS_SEARCH_USER_PATHS = NO;
				CLANG_ANALYZER_NONNULL = YES;
				CLANG_ANALYZER_NUMBER_OBJECT_CONVERSION = YES_AGGRESSIVE;
				CLANG_CXX_LANGUAGE_STANDARD = "gnu++20";
				CLANG_ENABLE_MODULES = YES;
				CLANG_ENABLE_OBJC_ARC = YES;
				CLANG_ENABLE_OBJC_WEAK = YES;
				CLANG_WARN_BLOCK_CAPTURE_AUTORELEASING = YES;
				CLANG_WARN_BOOL_CONVERSION = YES;
				CLANG_WARN_COMMA = YES;
				CLANG_WARN_CONSTANT_CONVERSION = YES;
				CLANG_WARN_DEPRECATED_OBJC_IMPLEMENTATIONS = YES;
				CLANG_WARN_DIRECT_OBJC_ISA_USAGE = YES_ERROR;
				CLANG_WARN_DOCUMENTATION_COMMENTS = YES;
				CLANG_WARN_EMPTY_BODY = YES;
				CLANG_WARN_ENUM_CONVERSION = YES;
				CLANG_WARN_INFINITE_RECURSION = YES;
				CLANG_WARN_INT_CONVERSION = YES;
				CLANG_WARN_NON_LITERAL_NULL_CONVERSION = YES;
				CLANG_WARN_OBJC_IMPLICIT_RETAIN_SELF = YES;
				CLANG_WARN_OBJC_LITERAL_CONVERSION = YES;
				CLANG_WARN_OBJC_ROOT_CLASS = YES_ERROR;
				CLANG_WARN_QUOTED_INCLUDE_IN_FRAMEWORK_HEADER = YES;
				CLANG_WARN_RANGE_LOOP_ANALYSIS = YES;
				CLANG_WARN_STRICT_PROTOTYPES = YES;
				CLANG_WARN_SUSPICIOUS_MOVE = YES;
				CLANG_WARN_UNGUARDED_AVAILABILITY = YES_AGGRESSIVE;
				CLANG_WARN_UNREACHABLE_CODE = YES;
				CLANG_WARN__DUPLICATE_METHOD_MATCH = YES;
				COPY_PHASE_STRIP = NO;
				DEBUG_INFORMATION_FORMAT = dwarf;
				ENABLE_STRICT_OBJC_MSGSEND = YES;
				ENABLE_TESTABILITY = YES;
				GCC_C_LANGUAGE_STANDARD = gnu11;
				GCC_DYNAMIC_NO_PIC = NO;
				GCC_NO_COMMON_BLOCKS = YES;
				GCC_OPTIMIZATION_LEVEL = 0;
				GCC_PREPROCESSOR_DEFINITIONS = (
					"DEBUG=1",
					"$(inherited)",
				);
				GCC_WARN_64_TO_32_BIT_CONVERSION = YES;
				GCC_WARN_ABOUT_RETURN_TYPE = YES_ERROR;
				GCC_WARN_UNDECLARED_SELECTOR = YES;
				GCC_WARN_UNINITIALIZED_AUTOS = YES_AGGRESSIVE;
				GCC_WARN_UNUSED_FUNCTION = YES;
				GCC_WARN_UNUSED_VARIABLE = YES;
				IPHONEOS_DEPLOYMENT_TARGET = 16.4;
				MTL_ENABLE_DEBUG_INFO = INCLUDE_SOURCE;
				MTL_FAST_MATH = YES;
				ONLY_ACTIVE_ARCH = YES;
				SDKROOT = iphoneos;
				SWIFT_ACTIVE_COMPILATION_CONDITIONS = DEBUG;
				SWIFT_OPTIMIZATION_LEVEL = "-Onone";
			};
			name = Debug;
		};
		F9ECBDB729DF543500F81ECA /* Release */ = {
			isa = XCBuildConfiguration;
			buildSettings = {
				ALWAYS_SEARCH_USER_PATHS = NO;
				CLANG_ANALYZER_NONNULL = YES;
				CLANG_ANALYZER_NUMBER_OBJECT_CONVERSION = YES_AGGRESSIVE;
				CLANG_CXX_LANGUAGE_STANDARD = "gnu++20";
				CLANG_ENABLE_MODULES = YES;
				CLANG_ENABLE_OBJC_ARC = YES;
				CLANG_ENABLE_OBJC_WEAK = YES;
				CLANG_WARN_BLOCK_CAPTURE_AUTORELEASING = YES;
				CLANG_WARN_BOOL_CONVERSION = YES;
				CLANG_WARN_COMMA = YES;
				CLANG_WARN_CONSTANT_CONVERSION = YES;
				CLANG_WARN_DEPRECATED_OBJC_IMPLEMENTATIONS = YES;
				CLANG_WARN_DIRECT_OBJC_ISA_USAGE = YES_ERROR;
				CLANG_WARN_DOCUMENTATION_COMMENTS = YES;
				CLANG_WARN_EMPTY_BODY = YES;
				CLANG_WARN_ENUM_CONVERSION = YES;
				CLANG_WARN_INFINITE_RECURSION = YES;
				CLANG_WARN_INT_CONVERSION = YES;
				CLANG_WARN_NON_LITERAL_NULL_CONVERSION = YES;
				CLANG_WARN_OBJC_IMPLICIT_RETAIN_SELF = YES;
				CLANG_WARN_OBJC_LITERAL_CONVERSION = YES;
				CLANG_WARN_OBJC_ROOT_CLASS = YES_ERROR;
				CLANG_WARN_QUOTED_INCLUDE_IN_FRAMEWORK_HEADER = YES;
				CLANG_WARN_RANGE_LOOP_ANALYSIS = YES;
				CLANG_WARN_STRICT_PROTOTYPES = YES;
				CLANG_WARN_SUSPICIOUS_MOVE = YES;
				CLANG_WARN_UNGUARDED_AVAILABILITY = YES_AGGRESSIVE;
				CLANG_WARN_UNREACHABLE_CODE = YES;
				CLANG_WARN__DUPLICATE_METHOD_MATCH = YES;
				COPY_PHASE_STRIP = NO;
				DEBUG_INFORMATION_FORMAT = "dwarf-with-dsym";
				ENABLE_NS_ASSERTIONS = NO;
				ENABLE_STRICT_OBJC_MSGSEND = YES;
				GCC_C_LANGUAGE_STANDARD = gnu11;
				GCC_NO_COMMON_BLOCKS = YES;
				GCC_WARN_64_TO_32_BIT_CONVERSION = YES;
				GCC_WARN_ABOUT_RETURN_TYPE = YES_ERROR;
				GCC_WARN_UNDECLARED_SELECTOR = YES;
				GCC_WARN_UNINITIALIZED_AUTOS = YES_AGGRESSIVE;
				GCC_WARN_UNUSED_FUNCTION = YES;
				GCC_WARN_UNUSED_VARIABLE = YES;
				IPHONEOS_DEPLOYMENT_TARGET = 16.4;
				MTL_ENABLE_DEBUG_INFO = NO;
				MTL_FAST_MATH = YES;
				SDKROOT = iphoneos;
				SWIFT_COMPILATION_MODE = wholemodule;
				SWIFT_OPTIMIZATION_LEVEL = "-O";
				VALIDATE_PRODUCT = YES;
			};
			name = Release;
		};
		F9ECBDB929DF543500F81ECA /* Debug */ = {
			isa = XCBuildConfiguration;
			buildSettings = {
				ASSETCATALOG_COMPILER_APPICON_NAME = AppIcon;
				ASSETCATALOG_COMPILER_GLOBAL_ACCENT_COLOR_NAME = AccentColor;
				CODE_SIGN_STYLE = Automatic;
				CURRENT_PROJECT_VERSION = 1;
				DEVELOPMENT_TEAM = K5L7239SK4;
				GENERATE_INFOPLIST_FILE = YES;
				INFOPLIST_FILE = ReferensesTypes/Info.plist;
				INFOPLIST_KEY_UIApplicationSupportsIndirectInputEvents = YES;
				INFOPLIST_KEY_UILaunchStoryboardName = LaunchScreen;
				INFOPLIST_KEY_UIMainStoryboardFile = Main;
				INFOPLIST_KEY_UISupportedInterfaceOrientations_iPad = "UIInterfaceOrientationPortrait UIInterfaceOrientationPortraitUpsideDown UIInterfaceOrientationLandscapeLeft UIInterfaceOrientationLandscapeRight";
				INFOPLIST_KEY_UISupportedInterfaceOrientations_iPhone = "UIInterfaceOrientationPortrait UIInterfaceOrientationLandscapeLeft UIInterfaceOrientationLandscapeRight";
				LD_RUNPATH_SEARCH_PATHS = (
					"$(inherited)",
					"@executable_path/Frameworks",
				);
				MARKETING_VERSION = 1.0;
				PRODUCT_BUNDLE_IDENTIFIER = lexemz.bp.ReferensesTypes;
				PRODUCT_NAME = "$(TARGET_NAME)";
				SWIFT_EMIT_LOC_STRINGS = YES;
				SWIFT_VERSION = 5.0;
				TARGETED_DEVICE_FAMILY = "1,2";
			};
			name = Debug;
		};
		F9ECBDBA29DF543500F81ECA /* Release */ = {
			isa = XCBuildConfiguration;
			buildSettings = {
				ASSETCATALOG_COMPILER_APPICON_NAME = AppIcon;
				ASSETCATALOG_COMPILER_GLOBAL_ACCENT_COLOR_NAME = AccentColor;
				CODE_SIGN_STYLE = Automatic;
				CURRENT_PROJECT_VERSION = 1;
				DEVELOPMENT_TEAM = K5L7239SK4;
				GENERATE_INFOPLIST_FILE = YES;
				INFOPLIST_FILE = ReferensesTypes/Info.plist;
				INFOPLIST_KEY_UIApplicationSupportsIndirectInputEvents = YES;
				INFOPLIST_KEY_UILaunchStoryboardName = LaunchScreen;
				INFOPLIST_KEY_UIMainStoryboardFile = Main;
				INFOPLIST_KEY_UISupportedInterfaceOrientations_iPad = "UIInterfaceOrientationPortrait UIInterfaceOrientationPortraitUpsideDown UIInterfaceOrientationLandscapeLeft UIInterfaceOrientationLandscapeRight";
				INFOPLIST_KEY_UISupportedInterfaceOrientations_iPhone = "UIInterfaceOrientationPortrait UIInterfaceOrientationLandscapeLeft UIInterfaceOrientationLandscapeRight";
				LD_RUNPATH_SEARCH_PATHS = (
					"$(inherited)",
					"@executable_path/Frameworks",
				);
				MARKETING_VERSION = 1.0;
				PRODUCT_BUNDLE_IDENTIFIER = lexemz.bp.ReferensesTypes;
				PRODUCT_NAME = "$(TARGET_NAME)";
				SWIFT_EMIT_LOC_STRINGS = YES;
				SWIFT_VERSION = 5.0;
				TARGETED_DEVICE_FAMILY = "1,2";
			};
			name = Release;
		};
/* End XCBuildConfiguration section */

/* Begin XCConfigurationList section */
		F9ECBD9F29DF543300F81ECA /* Build configuration list for PBXProject "ReferensesTypes" */ = {
			isa = XCConfigurationList;
			buildConfigurations = (
				F9ECBDB629DF543500F81ECA /* Debug */,
				F9ECBDB729DF543500F81ECA /* Release */,
			);
			defaultConfigurationIsVisible = 0;
			defaultConfigurationName = Release;
		};
		F9ECBDB829DF543500F81ECA /* Build configuration list for PBXNativeTarget "ReferensesTypes" */ = {
			isa = XCConfigurationList;
			buildConfigurations = (
				F9ECBDB929DF543500F81ECA /* Debug */,
				F9ECBDBA29DF543500F81ECA /* Release */,
			);
			defaultConfigurationIsVisible = 0;
			defaultConfigurationName = Release;
		};
/* End XCConfigurationList section */
	};
	rootObject = F9ECBD9C29DF543300F81ECA /* Project object */;
}
