// !$*UTF8*$!
{
	archiveVersion = 1;
	classes = {
	};
	objectVersion = 56;
	objects = {

/* Begin PBXBuildFile section */
		3122AECF2A49C35C003030C2 /* SelectionConfig.swift in Sources */ = {isa = PBXBuildFile; fileRef = 3122AECE2A49C35C003030C2 /* SelectionConfig.swift */; };
		3122AED62A4A0C4D003030C2 /* Chapter 3.storyboard in Resources */ = {isa = PBXBuildFile; fileRef = 3122AED52A4A0C4D003030C2 /* Chapter 3.storyboard */; };
		3122AED82A4A0C73003030C2 /* Chapter3_ViewControllers.swift in Sources */ = {isa = PBXBuildFile; fileRef = 3122AED72A4A0C73003030C2 /* Chapter3_ViewControllers.swift */; };
		3122AEDA2A4A0D07003030C2 /* Storyboarded.swift in Sources */ = {isa = PBXBuildFile; fileRef = 3122AED92A4A0D07003030C2 /* Storyboarded.swift */; };
		F93530D02A3B93BF002F567D /* SelectionViewController.swift in Sources */ = {isa = PBXBuildFile; fileRef = F93530CF2A3B93BF002F567D /* SelectionViewController.swift */; };
		F97A3EBC2A404E5B003C0763 /* FormContentView.swift in Sources */ = {isa = PBXBuildFile; fileRef = F97A3EBA2A404E5B003C0763 /* FormContentView.swift */; };
		F97A3EBD2A404E5B003C0763 /* FormViewController.swift in Sources */ = {isa = PBXBuildFile; fileRef = F97A3EBB2A404E5B003C0763 /* FormViewController.swift */; };
		F9A710252A3B992900A9443A /* ViewControllersManifest.swift in Sources */ = {isa = PBXBuildFile; fileRef = F9A710242A3B992900A9443A /* ViewControllersManifest.swift */; };
		F9BDFB4A2A51940C00DB4309 /* Chapter 4.storyboard in Resources */ = {isa = PBXBuildFile; fileRef = F9BDFB492A51940C00DB4309 /* Chapter 4.storyboard */; };
		F9BDFB4C2A51A19B00DB4309 /* Chapter4_ViewControllers.swift in Sources */ = {isa = PBXBuildFile; fileRef = F9BDFB4B2A51A19B00DB4309 /* Chapter4_ViewControllers.swift */; };
		F9C1417D2A25312B0037708E /* CustomView.swift in Sources */ = {isa = PBXBuildFile; fileRef = F9C1417C2A25312B0037708E /* CustomView.swift */; };
		F9C141802A27BF990037708E /* MyViewController.swift in Sources */ = {isa = PBXBuildFile; fileRef = F9C1417E2A27BF990037708E /* MyViewController.swift */; };
		F9CA84BD2A236ACA00A35769 /* AppDelegate.swift in Sources */ = {isa = PBXBuildFile; fileRef = F9CA84BC2A236ACA00A35769 /* AppDelegate.swift */; };
		F9CA84BF2A236ACA00A35769 /* SceneDelegate.swift in Sources */ = {isa = PBXBuildFile; fileRef = F9CA84BE2A236ACA00A35769 /* SceneDelegate.swift */; };
		F9CA84C12A236ACA00A35769 /* ViewController.swift in Sources */ = {isa = PBXBuildFile; fileRef = F9CA84C02A236ACA00A35769 /* ViewController.swift */; };
		F9CA84C62A236ACB00A35769 /* Assets.xcassets in Resources */ = {isa = PBXBuildFile; fileRef = F9CA84C52A236ACB00A35769 /* Assets.xcassets */; };
		F9CA84C92A236ACB00A35769 /* LaunchScreen.storyboard in Resources */ = {isa = PBXBuildFile; fileRef = F9CA84C72A236ACB00A35769 /* LaunchScreen.storyboard */; };
/* End PBXBuildFile section */

/* Begin PBXFileReference section */
		3122AECE2A49C35C003030C2 /* SelectionConfig.swift */ = {isa = PBXFileReference; lastKnownFileType = sourcecode.swift; path = SelectionConfig.swift; sourceTree = "<group>"; };
		3122AED52A4A0C4D003030C2 /* Chapter 3.storyboard */ = {isa = PBXFileReference; lastKnownFileType = file.storyboard; path = "Chapter 3.storyboard"; sourceTree = "<group>"; };
		3122AED72A4A0C73003030C2 /* Chapter3_ViewControllers.swift */ = {isa = PBXFileReference; lastKnownFileType = sourcecode.swift; path = Chapter3_ViewControllers.swift; sourceTree = "<group>"; };
		3122AED92A4A0D07003030C2 /* Storyboarded.swift */ = {isa = PBXFileReference; lastKnownFileType = sourcecode.swift; path = Storyboarded.swift; sourceTree = "<group>"; };
		F93530CF2A3B93BF002F567D /* SelectionViewController.swift */ = {isa = PBXFileReference; lastKnownFileType = sourcecode.swift; path = SelectionViewController.swift; sourceTree = "<group>"; };
		F97A3EBA2A404E5B003C0763 /* FormContentView.swift */ = {isa = PBXFileReference; fileEncoding = 4; lastKnownFileType = sourcecode.swift; path = FormContentView.swift; sourceTree = "<group>"; };
		F97A3EBB2A404E5B003C0763 /* FormViewController.swift */ = {isa = PBXFileReference; fileEncoding = 4; lastKnownFileType = sourcecode.swift; path = FormViewController.swift; sourceTree = "<group>"; };
		F9A710242A3B992900A9443A /* ViewControllersManifest.swift */ = {isa = PBXFileReference; lastKnownFileType = sourcecode.swift; path = ViewControllersManifest.swift; sourceTree = "<group>"; };
		F9BDFB492A51940C00DB4309 /* Chapter 4.storyboard */ = {isa = PBXFileReference; lastKnownFileType = file.storyboard; path = "Chapter 4.storyboard"; sourceTree = "<group>"; };
		F9BDFB4B2A51A19B00DB4309 /* Chapter4_ViewControllers.swift */ = {isa = PBXFileReference; lastKnownFileType = sourcecode.swift; path = Chapter4_ViewControllers.swift; sourceTree = "<group>"; };
		F9C1417C2A25312B0037708E /* CustomView.swift */ = {isa = PBXFileReference; lastKnownFileType = sourcecode.swift; path = CustomView.swift; sourceTree = "<group>"; };
		F9C1417E2A27BF990037708E /* MyViewController.swift */ = {isa = PBXFileReference; lastKnownFileType = sourcecode.swift; path = MyViewController.swift; sourceTree = "<group>"; };
		F9CA84B92A236ACA00A35769 /* Modern-Auto-Layout.app */ = {isa = PBXFileReference; explicitFileType = wrapper.application; includeInIndex = 0; path = "Modern-Auto-Layout.app"; sourceTree = BUILT_PRODUCTS_DIR; };
		F9CA84BC2A236ACA00A35769 /* AppDelegate.swift */ = {isa = PBXFileReference; lastKnownFileType = sourcecode.swift; path = AppDelegate.swift; sourceTree = "<group>"; };
		F9CA84BE2A236ACA00A35769 /* SceneDelegate.swift */ = {isa = PBXFileReference; lastKnownFileType = sourcecode.swift; path = SceneDelegate.swift; sourceTree = "<group>"; };
		F9CA84C02A236ACA00A35769 /* ViewController.swift */ = {isa = PBXFileReference; lastKnownFileType = sourcecode.swift; path = ViewController.swift; sourceTree = "<group>"; };
		F9CA84C52A236ACB00A35769 /* Assets.xcassets */ = {isa = PBXFileReference; lastKnownFileType = folder.assetcatalog; path = Assets.xcassets; sourceTree = "<group>"; };
		F9CA84C82A236ACB00A35769 /* Base */ = {isa = PBXFileReference; lastKnownFileType = file.storyboard; name = Base; path = Base.lproj/LaunchScreen.storyboard; sourceTree = "<group>"; };
		F9CA84CA2A236ACB00A35769 /* Info.plist */ = {isa = PBXFileReference; lastKnownFileType = text.plist.xml; path = Info.plist; sourceTree = "<group>"; };
/* End PBXFileReference section */

/* Begin PBXFrameworksBuildPhase section */
		F9CA84B62A236ACA00A35769 /* Frameworks */ = {
			isa = PBXFrameworksBuildPhase;
			buildActionMask = 2147483647;
			files = (
			);
			runOnlyForDeploymentPostprocessing = 0;
		};
/* End PBXFrameworksBuildPhase section */

/* Begin PBXGroup section */
		3122AED22A49D7F1003030C2 /* Chapter 3 */ = {
			isa = PBXGroup;
			children = (
				3122AED52A4A0C4D003030C2 /* Chapter 3.storyboard */,
				3122AED72A4A0C73003030C2 /* Chapter3_ViewControllers.swift */,
			);
			path = "Chapter 3";
			sourceTree = "<group>";
		};
		F97A3EB92A404E5B003C0763 /* Form */ = {
			isa = PBXGroup;
			children = (
				F97A3EBA2A404E5B003C0763 /* FormContentView.swift */,
				F97A3EBB2A404E5B003C0763 /* FormViewController.swift */,
			);
			path = Form;
			sourceTree = "<group>";
		};
		F9A710232A3B990E00A9443A /* App */ = {
			isa = PBXGroup;
			children = (
				F93530CF2A3B93BF002F567D /* SelectionViewController.swift */,
				F9CA84BC2A236ACA00A35769 /* AppDelegate.swift */,
				F9CA84BE2A236ACA00A35769 /* SceneDelegate.swift */,
				3122AECE2A49C35C003030C2 /* SelectionConfig.swift */,
				3122AED92A4A0D07003030C2 /* Storyboarded.swift */,
				F9CA84C52A236ACB00A35769 /* Assets.xcassets */,
				F9CA84C72A236ACB00A35769 /* LaunchScreen.storyboard */,
				F9CA84CA2A236ACB00A35769 /* Info.plist */,
			);
			path = App;
			sourceTree = "<group>";
		};
		F9B0D79E2A3BB033001CB940 /* Chapter 2 */ = {
			isa = PBXGroup;
			children = (
				F9CA84C02A236ACA00A35769 /* ViewController.swift */,
				F9C1417E2A27BF990037708E /* MyViewController.swift */,
				F9C1417C2A25312B0037708E /* CustomView.swift */,
			);
			path = "Chapter 2";
			sourceTree = "<group>";
		};
		F9BDFB462A5193A900DB4309 /* Extra */ = {
			isa = PBXGroup;
			children = (
				F97A3EB92A404E5B003C0763 /* Form */,
			);
			path = Extra;
			sourceTree = "<group>";
		};
		F9BDFB472A5193C900DB4309 /* Chapter 4 */ = {
			isa = PBXGroup;
			children = (
				F9BDFB492A51940C00DB4309 /* Chapter 4.storyboard */,
				F9BDFB4B2A51A19B00DB4309 /* Chapter4_ViewControllers.swift */,
			);
			path = "Chapter 4";
			sourceTree = "<group>";
		};
		F9BDFB482A5193DE00DB4309 /* Book Chapters */ = {
			isa = PBXGroup;
			children = (
				F9B0D79E2A3BB033001CB940 /* Chapter 2 */,
				3122AED22A49D7F1003030C2 /* Chapter 3 */,
				F9BDFB472A5193C900DB4309 /* Chapter 4 */,
			);
			path = "Book Chapters";
			sourceTree = "<group>";
		};
		F9CA84B02A236ACA00A35769 = {
			isa = PBXGroup;
			children = (
				F9CA84BB2A236ACA00A35769 /* Modern-Auto-Layout */,
				F9CA84BA2A236ACA00A35769 /* Products */,
			);
			sourceTree = "<group>";
		};
		F9CA84BA2A236ACA00A35769 /* Products */ = {
			isa = PBXGroup;
			children = (
				F9CA84B92A236ACA00A35769 /* Modern-Auto-Layout.app */,
			);
			name = Products;
			sourceTree = "<group>";
		};
		F9CA84BB2A236ACA00A35769 /* Modern-Auto-Layout */ = {
			isa = PBXGroup;
			children = (
				F9A710242A3B992900A9443A /* ViewControllersManifest.swift */,
				F9A710232A3B990E00A9443A /* App */,
				F9BDFB462A5193A900DB4309 /* Extra */,
				F9BDFB482A5193DE00DB4309 /* Book Chapters */,
			);
			path = "Modern-Auto-Layout";
			sourceTree = "<group>";
		};
/* End PBXGroup section */

/* Begin PBXNativeTarget section */
		F9CA84B82A236ACA00A35769 /* Modern-Auto-Layout */ = {
			isa = PBXNativeTarget;
			buildConfigurationList = F9CA84CD2A236ACB00A35769 /* Build configuration list for PBXNativeTarget "Modern-Auto-Layout" */;
			buildPhases = (
				F9CA84B52A236ACA00A35769 /* Sources */,
				F9CA84B62A236ACA00A35769 /* Frameworks */,
				F9CA84B72A236ACA00A35769 /* Resources */,
			);
			buildRules = (
			);
			dependencies = (
			);
			name = "Modern-Auto-Layout";
			productName = "Modern-Auto-Layout";
			productReference = F9CA84B92A236ACA00A35769 /* Modern-Auto-Layout.app */;
			productType = "com.apple.product-type.application";
		};
/* End PBXNativeTarget section */

/* Begin PBXProject section */
		F9CA84B12A236ACA00A35769 /* Project object */ = {
			isa = PBXProject;
			attributes = {
				BuildIndependentTargetsInParallel = 1;
				LastSwiftUpdateCheck = 1430;
				LastUpgradeCheck = 1430;
				TargetAttributes = {
					F9CA84B82A236ACA00A35769 = {
						CreatedOnToolsVersion = 14.3;
					};
				};
			};
			buildConfigurationList = F9CA84B42A236ACA00A35769 /* Build configuration list for PBXProject "Modern-Auto-Layout" */;
			compatibilityVersion = "Xcode 14.0";
			developmentRegion = en;
			hasScannedForEncodings = 0;
			knownRegions = (
				en,
				Base,
			);
			mainGroup = F9CA84B02A236ACA00A35769;
			productRefGroup = F9CA84BA2A236ACA00A35769 /* Products */;
			projectDirPath = "";
			projectRoot = "";
			targets = (
				F9CA84B82A236ACA00A35769 /* Modern-Auto-Layout */,
			);
		};
/* End PBXProject section */

/* Begin PBXResourcesBuildPhase section */
		F9CA84B72A236ACA00A35769 /* Resources */ = {
			isa = PBXResourcesBuildPhase;
			buildActionMask = 2147483647;
			files = (
				3122AED62A4A0C4D003030C2 /* Chapter 3.storyboard in Resources */,
				F9BDFB4A2A51940C00DB4309 /* Chapter 4.storyboard in Resources */,
				F9CA84C92A236ACB00A35769 /* LaunchScreen.storyboard in Resources */,
				F9CA84C62A236ACB00A35769 /* Assets.xcassets in Resources */,
			);
			runOnlyForDeploymentPostprocessing = 0;
		};
/* End PBXResourcesBuildPhase section */

/* Begin PBXSourcesBuildPhase section */
		F9CA84B52A236ACA00A35769 /* Sources */ = {
			isa = PBXSourcesBuildPhase;
			buildActionMask = 2147483647;
			files = (
				F97A3EBD2A404E5B003C0763 /* FormViewController.swift in Sources */,
				F9C141802A27BF990037708E /* MyViewController.swift in Sources */,
				F9A710252A3B992900A9443A /* ViewControllersManifest.swift in Sources */,
				F97A3EBC2A404E5B003C0763 /* FormContentView.swift in Sources */,
				F9CA84C12A236ACA00A35769 /* ViewController.swift in Sources */,
				F93530D02A3B93BF002F567D /* SelectionViewController.swift in Sources */,
				3122AECF2A49C35C003030C2 /* SelectionConfig.swift in Sources */,
				F9C1417D2A25312B0037708E /* CustomView.swift in Sources */,
				F9BDFB4C2A51A19B00DB4309 /* Chapter4_ViewControllers.swift in Sources */,
				F9CA84BD2A236ACA00A35769 /* AppDelegate.swift in Sources */,
				3122AED82A4A0C73003030C2 /* Chapter3_ViewControllers.swift in Sources */,
				F9CA84BF2A236ACA00A35769 /* SceneDelegate.swift in Sources */,
				3122AEDA2A4A0D07003030C2 /* Storyboarded.swift in Sources */,
			);
			runOnlyForDeploymentPostprocessing = 0;
		};
/* End PBXSourcesBuildPhase section */

/* Begin PBXVariantGroup section */
		F9CA84C72A236ACB00A35769 /* LaunchScreen.storyboard */ = {
			isa = PBXVariantGroup;
			children = (
				F9CA84C82A236ACB00A35769 /* Base */,
			);
			name = LaunchScreen.storyboard;
			sourceTree = "<group>";
		};
/* End PBXVariantGroup section */

/* Begin XCBuildConfiguration section */
		F9CA84CB2A236ACB00A35769 /* Debug */ = {
			isa = XCBuildConfiguration;
			buildSettings = {
				ALWAYS_SEARCH_USER_PATHS = NO;
				CLANG_ANALYZER_NONNULL = YES;
				CLANG_ANALYZER_NUMBER_OBJECT_CONVERSION = YES_AGGRESSIVE;
				CLANG_CXX_LANGUAGE_STANDARD = "gnu++20";
				CLANG_ENABLE_MODULES = YES;
				CLANG_ENABLE_OBJC_ARC = YES;
				CLANG_ENABLE_OBJC_WEAK = YES;
				CLANG_WARN_BLOCK_CAPTURE_AUTORELEASING = YES;
				CLANG_WARN_BOOL_CONVERSION = YES;
				CLANG_WARN_COMMA = YES;
				CLANG_WARN_CONSTANT_CONVERSION = YES;
				CLANG_WARN_DEPRECATED_OBJC_IMPLEMENTATIONS = YES;
				CLANG_WARN_DIRECT_OBJC_ISA_USAGE = YES_ERROR;
				CLANG_WARN_DOCUMENTATION_COMMENTS = YES;
				CLANG_WARN_EMPTY_BODY = YES;
				CLANG_WARN_ENUM_CONVERSION = YES;
				CLANG_WARN_INFINITE_RECURSION = YES;
				CLANG_WARN_INT_CONVERSION = YES;
				CLANG_WARN_NON_LITERAL_NULL_CONVERSION = YES;
				CLANG_WARN_OBJC_IMPLICIT_RETAIN_SELF = YES;
				CLANG_WARN_OBJC_LITERAL_CONVERSION = YES;
				CLANG_WARN_OBJC_ROOT_CLASS = YES_ERROR;
				CLANG_WARN_QUOTED_INCLUDE_IN_FRAMEWORK_HEADER = YES;
				CLANG_WARN_RANGE_LOOP_ANALYSIS = YES;
				CLANG_WARN_STRICT_PROTOTYPES = YES;
				CLANG_WARN_SUSPICIOUS_MOVE = YES;
				CLANG_WARN_UNGUARDED_AVAILABILITY = YES_AGGRESSIVE;
				CLANG_WARN_UNREACHABLE_CODE = YES;
				CLANG_WARN__DUPLICATE_METHOD_MATCH = YES;
				COPY_PHASE_STRIP = NO;
				DEBUG_INFORMATION_FORMAT = dwarf;
				ENABLE_STRICT_OBJC_MSGSEND = YES;
				ENABLE_TESTABILITY = YES;
				GCC_C_LANGUAGE_STANDARD = gnu11;
				GCC_DYNAMIC_NO_PIC = NO;
				GCC_NO_COMMON_BLOCKS = YES;
				GCC_OPTIMIZATION_LEVEL = 0;
				GCC_PREPROCESSOR_DEFINITIONS = (
					"DEBUG=1",
					"$(inherited)",
				);
				GCC_WARN_64_TO_32_BIT_CONVERSION = YES;
				GCC_WARN_ABOUT_RETURN_TYPE = YES_ERROR;
				GCC_WARN_UNDECLARED_SELECTOR = YES;
				GCC_WARN_UNINITIALIZED_AUTOS = YES_AGGRESSIVE;
				GCC_WARN_UNUSED_FUNCTION = YES;
				GCC_WARN_UNUSED_VARIABLE = YES;
				IPHONEOS_DEPLOYMENT_TARGET = 16.4;
				MTL_ENABLE_DEBUG_INFO = INCLUDE_SOURCE;
				MTL_FAST_MATH = YES;
				ONLY_ACTIVE_ARCH = YES;
				SDKROOT = iphoneos;
				SWIFT_ACTIVE_COMPILATION_CONDITIONS = DEBUG;
				SWIFT_OPTIMIZATION_LEVEL = "-Onone";
			};
			name = Debug;
		};
		F9CA84CC2A236ACB00A35769 /* Release */ = {
			isa = XCBuildConfiguration;
			buildSettings = {
				ALWAYS_SEARCH_USER_PATHS = NO;
				CLANG_ANALYZER_NONNULL = YES;
				CLANG_ANALYZER_NUMBER_OBJECT_CONVERSION = YES_AGGRESSIVE;
				CLANG_CXX_LANGUAGE_STANDARD = "gnu++20";
				CLANG_ENABLE_MODULES = YES;
				CLANG_ENABLE_OBJC_ARC = YES;
				CLANG_ENABLE_OBJC_WEAK = YES;
				CLANG_WARN_BLOCK_CAPTURE_AUTORELEASING = YES;
				CLANG_WARN_BOOL_CONVERSION = YES;
				CLANG_WARN_COMMA = YES;
				CLANG_WARN_CONSTANT_CONVERSION = YES;
				CLANG_WARN_DEPRECATED_OBJC_IMPLEMENTATIONS = YES;
				CLANG_WARN_DIRECT_OBJC_ISA_USAGE = YES_ERROR;
				CLANG_WARN_DOCUMENTATION_COMMENTS = YES;
				CLANG_WARN_EMPTY_BODY = YES;
				CLANG_WARN_ENUM_CONVERSION = YES;
				CLANG_WARN_INFINITE_RECURSION = YES;
				CLANG_WARN_INT_CONVERSION = YES;
				CLANG_WARN_NON_LITERAL_NULL_CONVERSION = YES;
				CLANG_WARN_OBJC_IMPLICIT_RETAIN_SELF = YES;
				CLANG_WARN_OBJC_LITERAL_CONVERSION = YES;
				CLANG_WARN_OBJC_ROOT_CLASS = YES_ERROR;
				CLANG_WARN_QUOTED_INCLUDE_IN_FRAMEWORK_HEADER = YES;
				CLANG_WARN_RANGE_LOOP_ANALYSIS = YES;
				CLANG_WARN_STRICT_PROTOTYPES = YES;
				CLANG_WARN_SUSPICIOUS_MOVE = YES;
				CLANG_WARN_UNGUARDED_AVAILABILITY = YES_AGGRESSIVE;
				CLANG_WARN_UNREACHABLE_CODE = YES;
				CLANG_WARN__DUPLICATE_METHOD_MATCH = YES;
				COPY_PHASE_STRIP = NO;
				DEBUG_INFORMATION_FORMAT = "dwarf-with-dsym";
				ENABLE_NS_ASSERTIONS = NO;
				ENABLE_STRICT_OBJC_MSGSEND = YES;
				GCC_C_LANGUAGE_STANDARD = gnu11;
				GCC_NO_COMMON_BLOCKS = YES;
				GCC_WARN_64_TO_32_BIT_CONVERSION = YES;
				GCC_WARN_ABOUT_RETURN_TYPE = YES_ERROR;
				GCC_WARN_UNDECLARED_SELECTOR = YES;
				GCC_WARN_UNINITIALIZED_AUTOS = YES_AGGRESSIVE;
				GCC_WARN_UNUSED_FUNCTION = YES;
				GCC_WARN_UNUSED_VARIABLE = YES;
				IPHONEOS_DEPLOYMENT_TARGET = 16.4;
				MTL_ENABLE_DEBUG_INFO = NO;
				MTL_FAST_MATH = YES;
				SDKROOT = iphoneos;
				SWIFT_COMPILATION_MODE = wholemodule;
				SWIFT_OPTIMIZATION_LEVEL = "-O";
				VALIDATE_PRODUCT = YES;
			};
			name = Release;
		};
		F9CA84CE2A236ACB00A35769 /* Debug */ = {
			isa = XCBuildConfiguration;
			buildSettings = {
				ASSETCATALOG_COMPILER_APPICON_NAME = AppIcon;
				ASSETCATALOG_COMPILER_GLOBAL_ACCENT_COLOR_NAME = AccentColor;
				CODE_SIGN_STYLE = Automatic;
				CURRENT_PROJECT_VERSION = 1;
				GENERATE_INFOPLIST_FILE = YES;
				INFOPLIST_FILE = "Modern-Auto-Layout/App/Info.plist";
				INFOPLIST_KEY_UIApplicationSupportsIndirectInputEvents = YES;
				INFOPLIST_KEY_UILaunchStoryboardName = LaunchScreen;
				INFOPLIST_KEY_UISupportedInterfaceOrientations_iPad = "UIInterfaceOrientationPortrait UIInterfaceOrientationPortraitUpsideDown UIInterfaceOrientationLandscapeLeft UIInterfaceOrientationLandscapeRight";
				INFOPLIST_KEY_UISupportedInterfaceOrientations_iPhone = "UIInterfaceOrientationPortrait UIInterfaceOrientationLandscapeLeft UIInterfaceOrientationLandscapeRight";
				IPHONEOS_DEPLOYMENT_TARGET = 16.0;
				LD_RUNPATH_SEARCH_PATHS = (
					"$(inherited)",
					"@executable_path/Frameworks",
				);
				MARKETING_VERSION = 1.0;
				PRODUCT_BUNDLE_IDENTIFIER = "lexemz.Modern-Auto-Layout";
				PRODUCT_NAME = "$(TARGET_NAME)";
				SWIFT_EMIT_LOC_STRINGS = YES;
				SWIFT_VERSION = 5.0;
				TARGETED_DEVICE_FAMILY = "1,2";
			};
			name = Debug;
		};
		F9CA84CF2A236ACB00A35769 /* Release */ = {
			isa = XCBuildConfiguration;
			buildSettings = {
				ASSETCATALOG_COMPILER_APPICON_NAME = AppIcon;
				ASSETCATALOG_COMPILER_GLOBAL_ACCENT_COLOR_NAME = AccentColor;
				CODE_SIGN_STYLE = Automatic;
				CURRENT_PROJECT_VERSION = 1;
				GENERATE_INFOPLIST_FILE = YES;
				INFOPLIST_FILE = "Modern-Auto-Layout/App/Info.plist";
				INFOPLIST_KEY_UIApplicationSupportsIndirectInputEvents = YES;
				INFOPLIST_KEY_UILaunchStoryboardName = LaunchScreen;
				INFOPLIST_KEY_UISupportedInterfaceOrientations_iPad = "UIInterfaceOrientationPortrait UIInterfaceOrientationPortraitUpsideDown UIInterfaceOrientationLandscapeLeft UIInterfaceOrientationLandscapeRight";
				INFOPLIST_KEY_UISupportedInterfaceOrientations_iPhone = "UIInterfaceOrientationPortrait UIInterfaceOrientationLandscapeLeft UIInterfaceOrientationLandscapeRight";
				IPHONEOS_DEPLOYMENT_TARGET = 16.0;
				LD_RUNPATH_SEARCH_PATHS = (
					"$(inherited)",
					"@executable_path/Frameworks",
				);
				MARKETING_VERSION = 1.0;
				PRODUCT_BUNDLE_IDENTIFIER = "lexemz.Modern-Auto-Layout";
				PRODUCT_NAME = "$(TARGET_NAME)";
				SWIFT_EMIT_LOC_STRINGS = YES;
				SWIFT_VERSION = 5.0;
				TARGETED_DEVICE_FAMILY = "1,2";
			};
			name = Release;
		};
/* End XCBuildConfiguration section */

/* Begin XCConfigurationList section */
		F9CA84B42A236ACA00A35769 /* Build configuration list for PBXProject "Modern-Auto-Layout" */ = {
			isa = XCConfigurationList;
			buildConfigurations = (
				F9CA84CB2A236ACB00A35769 /* Debug */,
				F9CA84CC2A236ACB00A35769 /* Release */,
			);
			defaultConfigurationIsVisible = 0;
			defaultConfigurationName = Release;
		};
		F9CA84CD2A236ACB00A35769 /* Build configuration list for PBXNativeTarget "Modern-Auto-Layout" */ = {
			isa = XCConfigurationList;
			buildConfigurations = (
				F9CA84CE2A236ACB00A35769 /* Debug */,
				F9CA84CF2A236ACB00A35769 /* Release */,
			);
			defaultConfigurationIsVisible = 0;
			defaultConfigurationName = Release;
		};
/* End XCConfigurationList section */
	};
	rootObject = F9CA84B12A236ACA00A35769 /* Project object */;
}
