// !$*UTF8*$!
{
	archiveVersion = 1;
	classes = {
	};
	objectVersion = 56;
	objects = {

/* Begin PBXBuildFile section */
		F90A78E429388C140053C04C /* AppDelegate.swift in Sources */ = {isa = PBXBuildFile; fileRef = F90A78E329388C140053C04C /* AppDelegate.swift */; };
		F90A78E629388C140053C04C /* SceneDelegate.swift in Sources */ = {isa = PBXBuildFile; fileRef = F90A78E529388C140053C04C /* SceneDelegate.swift */; };
		F90A78E829388C140053C04C /* ViewController.swift in Sources */ = {isa = PBXBuildFile; fileRef = F90A78E729388C140053C04C /* ViewController.swift */; };
		F90A78EB29388C140053C04C /* Main.storyboard in Resources */ = {isa = PBXBuildFile; fileRef = F90A78E929388C140053C04C /* Main.storyboard */; };
		F90A78ED29388C160053C04C /* Assets.xcassets in Resources */ = {isa = PBXBuildFile; fileRef = F90A78EC29388C160053C04C /* Assets.xcassets */; };
		F90A78F029388C160053C04C /* LaunchScreen.storyboard in Resources */ = {isa = PBXBuildFile; fileRef = F90A78EE29388C160053C04C /* LaunchScreen.storyboard */; };
		F90A78F829388C230053C04C /* LoadManager.swift in Sources */ = {isa = PBXBuildFile; fileRef = F90A78F729388C230053C04C /* LoadManager.swift */; };
		F90A78FA29388CB10053C04C /* RandomUserAPIRoot.swift in Sources */ = {isa = PBXBuildFile; fileRef = F90A78F929388CB10053C04C /* RandomUserAPIRoot.swift */; };
/* End PBXBuildFile section */

/* Begin PBXFileReference section */
		F90A78E029388C140053C04C /* SyncLoad.app */ = {isa = PBXFileReference; explicitFileType = wrapper.application; includeInIndex = 0; path = SyncLoad.app; sourceTree = BUILT_PRODUCTS_DIR; };
		F90A78E329388C140053C04C /* AppDelegate.swift */ = {isa = PBXFileReference; lastKnownFileType = sourcecode.swift; path = AppDelegate.swift; sourceTree = "<group>"; };
		F90A78E529388C140053C04C /* SceneDelegate.swift */ = {isa = PBXFileReference; lastKnownFileType = sourcecode.swift; path = SceneDelegate.swift; sourceTree = "<group>"; };
		F90A78E729388C140053C04C /* ViewController.swift */ = {isa = PBXFileReference; lastKnownFileType = sourcecode.swift; path = ViewController.swift; sourceTree = "<group>"; };
		F90A78EA29388C140053C04C /* Base */ = {isa = PBXFileReference; lastKnownFileType = file.storyboard; name = Base; path = Base.lproj/Main.storyboard; sourceTree = "<group>"; };
		F90A78EC29388C160053C04C /* Assets.xcassets */ = {isa = PBXFileReference; lastKnownFileType = folder.assetcatalog; path = Assets.xcassets; sourceTree = "<group>"; };
		F90A78EF29388C160053C04C /* Base */ = {isa = PBXFileReference; lastKnownFileType = file.storyboard; name = Base; path = Base.lproj/LaunchScreen.storyboard; sourceTree = "<group>"; };
		F90A78F129388C160053C04C /* Info.plist */ = {isa = PBXFileReference; lastKnownFileType = text.plist.xml; path = Info.plist; sourceTree = "<group>"; };
		F90A78F729388C230053C04C /* LoadManager.swift */ = {isa = PBXFileReference; lastKnownFileType = sourcecode.swift; path = LoadManager.swift; sourceTree = "<group>"; };
		F90A78F929388CB10053C04C /* RandomUserAPIRoot.swift */ = {isa = PBXFileReference; lastKnownFileType = sourcecode.swift; path = RandomUserAPIRoot.swift; sourceTree = "<group>"; };
/* End PBXFileReference section */

/* Begin PBXFrameworksBuildPhase section */
		F90A78DD29388C140053C04C /* Frameworks */ = {
			isa = PBXFrameworksBuildPhase;
			buildActionMask = 2147483647;
			files = (
			);
			runOnlyForDeploymentPostprocessing = 0;
		};
/* End PBXFrameworksBuildPhase section */

/* Begin PBXGroup section */
		F90A78D729388C140053C04C = {
			isa = PBXGroup;
			children = (
				F90A78E229388C140053C04C /* SyncLoad */,
				F90A78E129388C140053C04C /* Products */,
			);
			sourceTree = "<group>";
		};
		F90A78E129388C140053C04C /* Products */ = {
			isa = PBXGroup;
			children = (
				F90A78E029388C140053C04C /* SyncLoad.app */,
			);
			name = Products;
			sourceTree = "<group>";
		};
		F90A78E229388C140053C04C /* SyncLoad */ = {
			isa = PBXGroup;
			children = (
				F90A78E329388C140053C04C /* AppDelegate.swift */,
				F90A78E529388C140053C04C /* SceneDelegate.swift */,
				F90A78E729388C140053C04C /* ViewController.swift */,
				F90A78F729388C230053C04C /* LoadManager.swift */,
				F90A78F929388CB10053C04C /* RandomUserAPIRoot.swift */,
				F90A78E929388C140053C04C /* Main.storyboard */,
				F90A78EC29388C160053C04C /* Assets.xcassets */,
				F90A78EE29388C160053C04C /* LaunchScreen.storyboard */,
				F90A78F129388C160053C04C /* Info.plist */,
			);
			path = SyncLoad;
			sourceTree = "<group>";
		};
/* End PBXGroup section */

/* Begin PBXNativeTarget section */
		F90A78DF29388C140053C04C /* SyncLoad */ = {
			isa = PBXNativeTarget;
			buildConfigurationList = F90A78F429388C160053C04C /* Build configuration list for PBXNativeTarget "SyncLoad" */;
			buildPhases = (
				F90A78DC29388C140053C04C /* Sources */,
				F90A78DD29388C140053C04C /* Frameworks */,
				F90A78DE29388C140053C04C /* Resources */,
			);
			buildRules = (
			);
			dependencies = (
			);
			name = SyncLoad;
			productName = SyncLoad;
			productReference = F90A78E029388C140053C04C /* SyncLoad.app */;
			productType = "com.apple.product-type.application";
		};
/* End PBXNativeTarget section */

/* Begin PBXProject section */
		F90A78D829388C140053C04C /* Project object */ = {
			isa = PBXProject;
			attributes = {
				BuildIndependentTargetsInParallel = 1;
				LastSwiftUpdateCheck = 1410;
				LastUpgradeCheck = 1410;
				TargetAttributes = {
					F90A78DF29388C140053C04C = {
						CreatedOnToolsVersion = 14.1;
					};
				};
			};
			buildConfigurationList = F90A78DB29388C140053C04C /* Build configuration list for PBXProject "SyncLoad" */;
			compatibilityVersion = "Xcode 14.0";
			developmentRegion = en;
			hasScannedForEncodings = 0;
			knownRegions = (
				en,
				Base,
			);
			mainGroup = F90A78D729388C140053C04C;
			productRefGroup = F90A78E129388C140053C04C /* Products */;
			projectDirPath = "";
			projectRoot = "";
			targets = (
				F90A78DF29388C140053C04C /* SyncLoad */,
			);
		};
/* End PBXProject section */

/* Begin PBXResourcesBuildPhase section */
		F90A78DE29388C140053C04C /* Resources */ = {
			isa = PBXResourcesBuildPhase;
			buildActionMask = 2147483647;
			files = (
				F90A78F029388C160053C04C /* LaunchScreen.storyboard in Resources */,
				F90A78ED29388C160053C04C /* Assets.xcassets in Resources */,
				F90A78EB29388C140053C04C /* Main.storyboard in Resources */,
			);
			runOnlyForDeploymentPostprocessing = 0;
		};
/* End PBXResourcesBuildPhase section */

/* Begin PBXSourcesBuildPhase section */
		F90A78DC29388C140053C04C /* Sources */ = {
			isa = PBXSourcesBuildPhase;
			buildActionMask = 2147483647;
			files = (
				F90A78FA29388CB10053C04C /* RandomUserAPIRoot.swift in Sources */,
				F90A78E829388C140053C04C /* ViewController.swift in Sources */,
				F90A78E429388C140053C04C /* AppDelegate.swift in Sources */,
				F90A78E629388C140053C04C /* SceneDelegate.swift in Sources */,
				F90A78F829388C230053C04C /* LoadManager.swift in Sources */,
			);
			runOnlyForDeploymentPostprocessing = 0;
		};
/* End PBXSourcesBuildPhase section */

/* Begin PBXVariantGroup section */
		F90A78E929388C140053C04C /* Main.storyboard */ = {
			isa = PBXVariantGroup;
			children = (
				F90A78EA29388C140053C04C /* Base */,
			);
			name = Main.storyboard;
			sourceTree = "<group>";
		};
		F90A78EE29388C160053C04C /* LaunchScreen.storyboard */ = {
			isa = PBXVariantGroup;
			children = (
				F90A78EF29388C160053C04C /* Base */,
			);
			name = LaunchScreen.storyboard;
			sourceTree = "<group>";
		};
/* End PBXVariantGroup section */

/* Begin XCBuildConfiguration section */
		F90A78F229388C160053C04C /* Debug */ = {
			isa = XCBuildConfiguration;
			buildSettings = {
				ALWAYS_SEARCH_USER_PATHS = NO;
				CLANG_ANALYZER_NONNULL = YES;
				CLANG_ANALYZER_NUMBER_OBJECT_CONVERSION = YES_AGGRESSIVE;
				CLANG_CXX_LANGUAGE_STANDARD = "gnu++20";
				CLANG_ENABLE_MODULES = YES;
				CLANG_ENABLE_OBJC_ARC = YES;
				CLANG_ENABLE_OBJC_WEAK = YES;
				CLANG_WARN_BLOCK_CAPTURE_AUTORELEASING = YES;
				CLANG_WARN_BOOL_CONVERSION = YES;
				CLANG_WARN_COMMA = YES;
				CLANG_WARN_CONSTANT_CONVERSION = YES;
				CLANG_WARN_DEPRECATED_OBJC_IMPLEMENTATIONS = YES;
				CLANG_WARN_DIRECT_OBJC_ISA_USAGE = YES_ERROR;
				CLANG_WARN_DOCUMENTATION_COMMENTS = YES;
				CLANG_WARN_EMPTY_BODY = YES;
				CLANG_WARN_ENUM_CONVERSION = YES;
				CLANG_WARN_INFINITE_RECURSION = YES;
				CLANG_WARN_INT_CONVERSION = YES;
				CLANG_WARN_NON_LITERAL_NULL_CONVERSION = YES;
				CLANG_WARN_OBJC_IMPLICIT_RETAIN_SELF = YES;
				CLANG_WARN_OBJC_LITERAL_CONVERSION = YES;
				CLANG_WARN_OBJC_ROOT_CLASS = YES_ERROR;
				CLANG_WARN_QUOTED_INCLUDE_IN_FRAMEWORK_HEADER = YES;
				CLANG_WARN_RANGE_LOOP_ANALYSIS = YES;
				CLANG_WARN_STRICT_PROTOTYPES = YES;
				CLANG_WARN_SUSPICIOUS_MOVE = YES;
				CLANG_WARN_UNGUARDED_AVAILABILITY = YES_AGGRESSIVE;
				CLANG_WARN_UNREACHABLE_CODE = YES;
				CLANG_WARN__DUPLICATE_METHOD_MATCH = YES;
				COPY_PHASE_STRIP = NO;
				DEBUG_INFORMATION_FORMAT = dwarf;
				ENABLE_STRICT_OBJC_MSGSEND = YES;
				ENABLE_TESTABILITY = YES;
				GCC_C_LANGUAGE_STANDARD = gnu11;
				GCC_DYNAMIC_NO_PIC = NO;
				GCC_NO_COMMON_BLOCKS = YES;
				GCC_OPTIMIZATION_LEVEL = 0;
				GCC_PREPROCESSOR_DEFINITIONS = (
					"DEBUG=1",
					"$(inherited)",
				);
				GCC_WARN_64_TO_32_BIT_CONVERSION = YES;
				GCC_WARN_ABOUT_RETURN_TYPE = YES_ERROR;
				GCC_WARN_UNDECLARED_SELECTOR = YES;
				GCC_WARN_UNINITIALIZED_AUTOS = YES_AGGRESSIVE;
				GCC_WARN_UNUSED_FUNCTION = YES;
				GCC_WARN_UNUSED_VARIABLE = YES;
				IPHONEOS_DEPLOYMENT_TARGET = 16.1;
				MTL_ENABLE_DEBUG_INFO = INCLUDE_SOURCE;
				MTL_FAST_MATH = YES;
				ONLY_ACTIVE_ARCH = YES;
				SDKROOT = iphoneos;
				SWIFT_ACTIVE_COMPILATION_CONDITIONS = DEBUG;
				SWIFT_OPTIMIZATION_LEVEL = "-Onone";
			};
			name = Debug;
		};
		F90A78F329388C160053C04C /* Release */ = {
			isa = XCBuildConfiguration;
			buildSettings = {
				ALWAYS_SEARCH_USER_PATHS = NO;
				CLANG_ANALYZER_NONNULL = YES;
				CLANG_ANALYZER_NUMBER_OBJECT_CONVERSION = YES_AGGRESSIVE;
				CLANG_CXX_LANGUAGE_STANDARD = "gnu++20";
				CLANG_ENABLE_MODULES = YES;
				CLANG_ENABLE_OBJC_ARC = YES;
				CLANG_ENABLE_OBJC_WEAK = YES;
				CLANG_WARN_BLOCK_CAPTURE_AUTORELEASING = YES;
				CLANG_WARN_BOOL_CONVERSION = YES;
				CLANG_WARN_COMMA = YES;
				CLANG_WARN_CONSTANT_CONVERSION = YES;
				CLANG_WARN_DEPRECATED_OBJC_IMPLEMENTATIONS = YES;
				CLANG_WARN_DIRECT_OBJC_ISA_USAGE = YES_ERROR;
				CLANG_WARN_DOCUMENTATION_COMMENTS = YES;
				CLANG_WARN_EMPTY_BODY = YES;
				CLANG_WARN_ENUM_CONVERSION = YES;
				CLANG_WARN_INFINITE_RECURSION = YES;
				CLANG_WARN_INT_CONVERSION = YES;
				CLANG_WARN_NON_LITERAL_NULL_CONVERSION = YES;
				CLANG_WARN_OBJC_IMPLICIT_RETAIN_SELF = YES;
				CLANG_WARN_OBJC_LITERAL_CONVERSION = YES;
				CLANG_WARN_OBJC_ROOT_CLASS = YES_ERROR;
				CLANG_WARN_QUOTED_INCLUDE_IN_FRAMEWORK_HEADER = YES;
				CLANG_WARN_RANGE_LOOP_ANALYSIS = YES;
				CLANG_WARN_STRICT_PROTOTYPES = YES;
				CLANG_WARN_SUSPICIOUS_MOVE = YES;
				CLANG_WARN_UNGUARDED_AVAILABILITY = YES_AGGRESSIVE;
				CLANG_WARN_UNREACHABLE_CODE = YES;
				CLANG_WARN__DUPLICATE_METHOD_MATCH = YES;
				COPY_PHASE_STRIP = NO;
				DEBUG_INFORMATION_FORMAT = "dwarf-with-dsym";
				ENABLE_NS_ASSERTIONS = NO;
				ENABLE_STRICT_OBJC_MSGSEND = YES;
				GCC_C_LANGUAGE_STANDARD = gnu11;
				GCC_NO_COMMON_BLOCKS = YES;
				GCC_WARN_64_TO_32_BIT_CONVERSION = YES;
				GCC_WARN_ABOUT_RETURN_TYPE = YES_ERROR;
				GCC_WARN_UNDECLARED_SELECTOR = YES;
				GCC_WARN_UNINITIALIZED_AUTOS = YES_AGGRESSIVE;
				GCC_WARN_UNUSED_FUNCTION = YES;
				GCC_WARN_UNUSED_VARIABLE = YES;
				IPHONEOS_DEPLOYMENT_TARGET = 16.1;
				MTL_ENABLE_DEBUG_INFO = NO;
				MTL_FAST_MATH = YES;
				SDKROOT = iphoneos;
				SWIFT_COMPILATION_MODE = wholemodule;
				SWIFT_OPTIMIZATION_LEVEL = "-O";
				VALIDATE_PRODUCT = YES;
			};
			name = Release;
		};
		F90A78F529388C160053C04C /* Debug */ = {
			isa = XCBuildConfiguration;
			buildSettings = {
				ASSETCATALOG_COMPILER_APPICON_NAME = AppIcon;
				ASSETCATALOG_COMPILER_GLOBAL_ACCENT_COLOR_NAME = AccentColor;
				CODE_SIGN_STYLE = Automatic;
				CURRENT_PROJECT_VERSION = 1;
				DEVELOPMENT_TEAM = KAK62A3APX;
				GENERATE_INFOPLIST_FILE = YES;
				INFOPLIST_FILE = SyncLoad/Info.plist;
				INFOPLIST_KEY_UIApplicationSupportsIndirectInputEvents = YES;
				INFOPLIST_KEY_UILaunchStoryboardName = LaunchScreen;
				INFOPLIST_KEY_UIMainStoryboardFile = Main;
				INFOPLIST_KEY_UISupportedInterfaceOrientations_iPad = "UIInterfaceOrientationPortrait UIInterfaceOrientationPortraitUpsideDown UIInterfaceOrientationLandscapeLeft UIInterfaceOrientationLandscapeRight";
				INFOPLIST_KEY_UISupportedInterfaceOrientations_iPhone = "UIInterfaceOrientationPortrait UIInterfaceOrientationLandscapeLeft UIInterfaceOrientationLandscapeRight";
				LD_RUNPATH_SEARCH_PATHS = (
					"$(inherited)",
					"@executable_path/Frameworks",
				);
				MARKETING_VERSION = 1.0;
				PRODUCT_BUNDLE_IDENTIFIER = com.lexemz.SyncLoad;
				PRODUCT_NAME = "$(TARGET_NAME)";
				SWIFT_EMIT_LOC_STRINGS = YES;
				SWIFT_VERSION = 5.0;
				TARGETED_DEVICE_FAMILY = "1,2";
			};
			name = Debug;
		};
		F90A78F629388C160053C04C /* Release */ = {
			isa = XCBuildConfiguration;
			buildSettings = {
				ASSETCATALOG_COMPILER_APPICON_NAME = AppIcon;
				ASSETCATALOG_COMPILER_GLOBAL_ACCENT_COLOR_NAME = AccentColor;
				CODE_SIGN_STYLE = Automatic;
				CURRENT_PROJECT_VERSION = 1;
				DEVELOPMENT_TEAM = KAK62A3APX;
				GENERATE_INFOPLIST_FILE = YES;
				INFOPLIST_FILE = SyncLoad/Info.plist;
				INFOPLIST_KEY_UIApplicationSupportsIndirectInputEvents = YES;
				INFOPLIST_KEY_UILaunchStoryboardName = LaunchScreen;
				INFOPLIST_KEY_UIMainStoryboardFile = Main;
				INFOPLIST_KEY_UISupportedInterfaceOrientations_iPad = "UIInterfaceOrientationPortrait UIInterfaceOrientationPortraitUpsideDown UIInterfaceOrientationLandscapeLeft UIInterfaceOrientationLandscapeRight";
				INFOPLIST_KEY_UISupportedInterfaceOrientations_iPhone = "UIInterfaceOrientationPortrait UIInterfaceOrientationLandscapeLeft UIInterfaceOrientationLandscapeRight";
				LD_RUNPATH_SEARCH_PATHS = (
					"$(inherited)",
					"@executable_path/Frameworks",
				);
				MARKETING_VERSION = 1.0;
				PRODUCT_BUNDLE_IDENTIFIER = com.lexemz.SyncLoad;
				PRODUCT_NAME = "$(TARGET_NAME)";
				SWIFT_EMIT_LOC_STRINGS = YES;
				SWIFT_VERSION = 5.0;
				TARGETED_DEVICE_FAMILY = "1,2";
			};
			name = Release;
		};
/* End XCBuildConfiguration section */

/* Begin XCConfigurationList section */
		F90A78DB29388C140053C04C /* Build configuration list for PBXProject "SyncLoad" */ = {
			isa = XCConfigurationList;
			buildConfigurations = (
				F90A78F229388C160053C04C /* Debug */,
				F90A78F329388C160053C04C /* Release */,
			);
			defaultConfigurationIsVisible = 0;
			defaultConfigurationName = Release;
		};
		F90A78F429388C160053C04C /* Build configuration list for PBXNativeTarget "SyncLoad" */ = {
			isa = XCConfigurationList;
			buildConfigurations = (
				F90A78F529388C160053C04C /* Debug */,
				F90A78F629388C160053C04C /* Release */,
			);
			defaultConfigurationIsVisible = 0;
			defaultConfigurationName = Release;
		};
/* End XCConfigurationList section */
	};
	rootObject = F90A78D829388C140053C04C /* Project object */;
}
